
Microsoft Visual Studio Solution File, Format Version 12.00
# Visual Studio 15
VisualStudioVersion = 15.0.27004.2005
MinimumVisualStudioVersion = 10.0.40219.1
Project("{FAE04EC0-301F-11D3-BF4B-00C04F79EFBC}") = "HttpAsyncAwait", "HttpAsyncAwait\HttpAsyncAwait.csproj", "{ADB68953-094B-455F-B0EF-460BA06BE338}"
EndProject
Project("{2150E333-8FDC-42A3-9474-1A3956D46DE8}") = "C Sharp Starter", "C Sharp Starter", "{38B7F46D-0739-4864-8AF4-9F6B1679E6DD}"
EndProject
Project("{2150E333-8FDC-42A3-9474-1A3956D46DE8}") = "ВИДЕОУРОК №2. МАШИННАЯ МАТЕМАТИКА И СИСТЕМЫ СЧИСЛЕНИЯ", "ВИДЕОУРОК №2. МАШИННАЯ МАТЕМАТИКА И СИСТЕМЫ СЧИСЛЕНИЯ", "{43102F4E-1583-4FC3-B48C-0637AA4F33CC}"
EndProject
Project("{FAE04EC0-301F-11D3-BF4B-00C04F79EFBC}") = "03_How To Обзор самых популярных сочетаний клавиш в VS", "03 Обзор самых популярных сочетаний клавиш в VS\03_How To Обзор самых популярных сочетаний клавиш в VS.csproj", "{43B196CB-ED9F-4109-95F2-7D0C9E912D5F}"
EndProject
Project("{FAE04EC0-301F-11D3-BF4B-00C04F79EFBC}") = "Директивы препроцессора", "Директивы препроцессора\Директивы препроцессора.csproj", "{FCA29303-072A-4D1D-9C91-07C5F4346DC0}"
EndProject
Global
	GlobalSection(SolutionConfigurationPlatforms) = preSolution
		Debug|Any CPU = Debug|Any CPU
		Release|Any CPU = Release|Any CPU
	EndGlobalSection
	GlobalSection(ProjectConfigurationPlatforms) = postSolution
		{ADB68953-094B-455F-B0EF-460BA06BE338}.Debug|Any CPU.ActiveCfg = Debug|Any CPU
		{ADB68953-094B-455F-B0EF-460BA06BE338}.Debug|Any CPU.Build.0 = Debug|Any CPU
		{ADB68953-094B-455F-B0EF-460BA06BE338}.Release|Any CPU.ActiveCfg = Release|Any CPU
		{ADB68953-094B-455F-B0EF-460BA06BE338}.Release|Any CPU.Build.0 = Release|Any CPU
		{43B196CB-ED9F-4109-95F2-7D0C9E912D5F}.Debug|Any CPU.ActiveCfg = Debug|Any CPU
		{43B196CB-ED9F-4109-95F2-7D0C9E912D5F}.Debug|Any CPU.Build.0 = Debug|Any CPU
		{43B196CB-ED9F-4109-95F2-7D0C9E912D5F}.Release|Any CPU.ActiveCfg = Release|Any CPU
		{43B196CB-ED9F-4109-95F2-7D0C9E912D5F}.Release|Any CPU.Build.0 = Release|Any CPU
		{FCA29303-072A-4D1D-9C91-07C5F4346DC0}.Debug|Any CPU.ActiveCfg = Debug|Any CPU
		{FCA29303-072A-4D1D-9C91-07C5F4346DC0}.Debug|Any CPU.Build.0 = Debug|Any CPU
		{FCA29303-072A-4D1D-9C91-07C5F4346DC0}.Release|Any CPU.ActiveCfg = Release|Any CPU
		{FCA29303-072A-4D1D-9C91-07C5F4346DC0}.Release|Any CPU.Build.0 = Release|Any CPU
	EndGlobalSection
	GlobalSection(SolutionProperties) = preSolution
		HideSolutionNode = FALSE
	EndGlobalSection
	GlobalSection(NestedProjects) = preSolution
		{43102F4E-1583-4FC3-B48C-0637AA4F33CC} = {38B7F46D-0739-4864-8AF4-9F6B1679E6DD}
		{43B196CB-ED9F-4109-95F2-7D0C9E912D5F} = {43102F4E-1583-4FC3-B48C-0637AA4F33CC}
		{FCA29303-072A-4D1D-9C91-07C5F4346DC0} = {43102F4E-1583-4FC3-B48C-0637AA4F33CC}
	EndGlobalSection
	GlobalSection(ExtensibilityGlobals) = postSolution
		SolutionGuid = {8EC651EF-E473-43E4-90BF-6591E27E66DB}
	EndGlobalSection
EndGlobal
