
Microsoft Visual Studio Solution File, Format Version 12.00
# Visual Studio 15
VisualStudioVersion = 15.0.27004.2005
MinimumVisualStudioVersion = 10.0.40219.1
Project("{FAE04EC0-301F-11D3-BF4B-00C04F79EFBC}") = "HttpAsyncAwait", "HttpAsyncAwait\HttpAsyncAwait.csproj", "{ADB68953-094B-455F-B0EF-460BA06BE338}"
EndProject
Project("{2150E333-8FDC-42A3-9474-1A3956D46DE8}") = "C Sharp Starter", "C Sharp Starter", "{38B7F46D-0739-4864-8AF4-9F6B1679E6DD}"
EndProject
Project("{2150E333-8FDC-42A3-9474-1A3956D46DE8}") = "ВИДЕОУРОК №2. МАШИННАЯ МАТЕМАТИКА И СИСТЕМЫ СЧИСЛЕНИЯ", "ВИДЕОУРОК №2. МАШИННАЯ МАТЕМАТИКА И СИСТЕМЫ СЧИСЛЕНИЯ", "{43102F4E-1583-4FC3-B48C-0637AA4F33CC}"
EndProject
Project("{FAE04EC0-301F-11D3-BF4B-00C04F79EFBC}") = "03_How To Обзор самых популярных сочетаний клавиш в VS", "03 Обзор самых популярных сочетаний клавиш в VS\03_How To Обзор самых популярных сочетаний клавиш в VS.csproj", "{43B196CB-ED9F-4109-95F2-7D0C9E912D5F}"
EndProject
Project("{FAE04EC0-301F-11D3-BF4B-00C04F79EFBC}") = "Директивы препроцессора", "Директивы препроцессора\Директивы препроцессора.csproj", "{FCA29303-072A-4D1D-9C91-07C5F4346DC0}"
EndProject
Project("{FAE04EC0-301F-11D3-BF4B-00C04F79EFBC}") = "HomeWork_МАШИННАЯ МАТЕМАТИКА И СИСТЕМЫ СЧИСЛЕНИЯ", "HomeWork_МАШИННАЯ МАТЕМАТИКА И СИСТЕМЫ СЧИСЛЕНИЯ\HomeWork_МАШИННАЯ МАТЕМАТИКА И СИСТЕМЫ СЧИСЛЕНИЯ.csproj", "{12600F94-E6E0-48A8-81FE-60AB1E95AD47}"
EndProject
Project("{FAE04EC0-301F-11D3-BF4B-00C04F79EFBC}") = "Homework__Part2_МАШИННАЯ МАТЕМАТИКА И СИСТЕМЫ СЧИСЛЕНИЯ", "Homework__Part2_МАШИННАЯ МАТЕМАТИКА И СИСТЕМЫ СЧИСЛЕНИЯ\Homework__Part2_МАШИННАЯ МАТЕМАТИКА И СИСТЕМЫ СЧИСЛЕНИЯ.csproj", "{4EBC24F4-5F0E-410F-B484-9B683F820B38}"
EndProject
Project("{FAE04EC0-301F-11D3-BF4B-00C04F79EFBC}") = "Homework_Part3_МАШИННАЯ МАТЕМАТИКА И СИСТЕМЫ СЧИСЛЕНИЯ", "Homework_Part3_МАШИННАЯ МАТЕМАТИКА И СИСТЕМЫ СЧИСЛЕНИЯ\Homework_Part3_МАШИННАЯ МАТЕМАТИКА И СИСТЕМЫ СЧИСЛЕНИЯ.csproj", "{EE772389-12AE-420D-8453-8AAC5DFEBD6E}"
EndProject
Project("{2150E333-8FDC-42A3-9474-1A3956D46DE8}") = "ВИДЕОУРОК №3. ПЕРЕМЕННЫЕ И ТИПЫ ДАННЫХ", "ВИДЕОУРОК №3. ПЕРЕМЕННЫЕ И ТИПЫ ДАННЫХ", "{F134E5B7-6569-44F8-811B-508F32ED182F}"
EndProject
Project("{2150E333-8FDC-42A3-9474-1A3956D46DE8}") = "Примеры с полного урока", "Примеры с полного урока", "{0DF60CF4-EEA0-4BB4-9887-D28D6FE19E77}"
EndProject
Project("{FAE04EC0-301F-11D3-BF4B-00C04F79EFBC}") = "002_Casting", "Casting\002_Casting.csproj", "{9B776D30-C206-48CF-9E63-57C321874CA4}"
EndProject
Project("{FAE04EC0-301F-11D3-BF4B-00C04F79EFBC}") = "003_Arithmetic", "003_Arithmetic\003_Arithmetic.csproj", "{8AB1883E-FB71-4445-B7F8-9DC8F9C580FA}"
EndProject
Project("{FAE04EC0-301F-11D3-BF4B-00C04F79EFBC}") = "004_MathPow", "004_MathPow\004_MathPow.csproj", "{E3CC9702-C515-4B6C-B6B3-018322094036}"
EndProject
Project("{FAE04EC0-301F-11D3-BF4B-00C04F79EFBC}") = "005_MathSqrt", "005_MathSqrt\005_MathSqrt.csproj", "{E5C6D6A3-BF35-4064-BD7D-1FDFF7F753D3}"
EndProject
Project("{FAE04EC0-301F-11D3-BF4B-00C04F79EFBC}") = "006_Comparison", "006_Comparison\006_Comparison.csproj", "{31225EB6-756A-4AF8-A5F8-6F58DE0110C5}"
EndProject
Project("{FAE04EC0-301F-11D3-BF4B-00C04F79EFBC}") = "007_IncDec", "007_IncDec\007_IncDec.csproj", "{B4002FA8-EBE7-4380-BB3D-CD1B0DA6406D}"
EndProject
Project("{FAE04EC0-301F-11D3-BF4B-00C04F79EFBC}") = "008_Assignment", "008_Assignment\008_Assignment.csproj", "{FC97006C-78CA-4053-B1B5-8980E9B05896}"
EndProject
Project("{FAE04EC0-301F-11D3-BF4B-00C04F79EFBC}") = "009_LocalVariables", "009_LocalVariables\009_LocalVariables.csproj", "{A1DBD4DE-FCF1-4676-AEFC-777C5E4D6345}"
EndProject
Project("{FAE04EC0-301F-11D3-BF4B-00C04F79EFBC}") = "010_At", "010_At\010_At.csproj", "{8E3AC864-1C7F-4543-93A4-27141559A23A}"
EndProject
Project("{FAE04EC0-301F-11D3-BF4B-00C04F79EFBC}") = "011_Checked", "011_Checked\011_Checked.csproj", "{1BCC9FF6-044E-4506-992F-AC75453806AE}"
EndProject
Project("{FAE04EC0-301F-11D3-BF4B-00C04F79EFBC}") = "012_UnCkecked", "012_UnCkecked\012_UnCkecked.csproj", "{4A19D51E-20D2-45E6-BEFC-E1DC15106F63}"
EndProject
Project("{FAE04EC0-301F-11D3-BF4B-00C04F79EFBC}") = "013_CheckedUnChecked", "013_CheckedUnChecked\013_CheckedUnChecked.csproj", "{8E44A769-06A6-4689-B80E-9A33007CAF59}"
EndProject
Project("{FAE04EC0-301F-11D3-BF4B-00C04F79EFBC}") = "014_Concatenation", "014_Concatenation\014_Concatenation.csproj", "{2612F161-EFBF-4742-AE4F-5C4222C46560}"
EndProject
Project("{FAE04EC0-301F-11D3-BF4B-00C04F79EFBC}") = "015_StringFormat", "015_StringFormat\015_StringFormat.csproj", "{DA8C7CC9-D74E-4C10-B635-69BBDBC3A0E5}"
EndProject
Project("{FAE04EC0-301F-11D3-BF4B-00C04F79EFBC}") = "016_FlagFormating", "016_FlagFormating\016_FlagFormating.csproj", "{4169FF1C-2A44-4DD5-86E9-DD3C5159575C}"
EndProject
Project("{FAE04EC0-301F-11D3-BF4B-00C04F79EFBC}") = "017_Sizeof", "017_Sizeof\017_Sizeof.csproj", "{F6DE3D25-413C-4442-84B3-CDA16105B280}"
EndProject
Project("{FAE04EC0-301F-11D3-BF4B-00C04F79EFBC}") = "018_Var", "018_Var\018_Var.csproj", "{5E95C0E4-3F68-4E92-80A8-80A26062A0B8}"
EndProject
Project("{FAE04EC0-301F-11D3-BF4B-00C04F79EFBC}") = "019_Comparison", "019_Comparison\019_Comparison.csproj", "{2EFFB73C-361B-464B-BDED-ECCDF04D8EA0}"
EndProject
Project("{2150E333-8FDC-42A3-9474-1A3956D46DE8}") = "How To", "How To", "{C722ED62-4FA4-4D89-A9AD-64F7EB227FF2}"
EndProject
Project("{FAE04EC0-301F-11D3-BF4B-00C04F79EFBC}") = "007_Default", "Default\007_Default.csproj", "{6A43FBDA-62B5-4CA1-9107-BFB1EB9B61AD}"
EndProject
Project("{FAE04EC0-301F-11D3-BF4B-00C04F79EFBC}") = "008_Constant", "Constant\008_Constant.csproj", "{78BAD043-9F31-4093-8888-701BA405E049}"
EndProject
Project("{FAE04EC0-301F-11D3-BF4B-00C04F79EFBC}") = "009_Casting", "_Casting\009_Casting.csproj", "{E387BECE-5A11-4BE5-B679-37F2BE54A9ED}"
EndProject
Project("{FAE04EC0-301F-11D3-BF4B-00C04F79EFBC}") = "012_CompareTypes", "CompareTypes\012_CompareTypes.csproj", "{F60B7F79-EA60-4870-8F84-631E09FC528A}"
EndProject
Project("{FAE04EC0-301F-11D3-BF4B-00C04F79EFBC}") = "OverFlow", "OverFlow\OverFlow.csproj", "{4E9B8417-6604-4B47-B1BB-16A6B868946A}"
EndProject
Project("{FAE04EC0-301F-11D3-BF4B-00C04F79EFBC}") = "Concat", "Concat\Concat.csproj", "{92BFBA53-D8E5-4BBE-920D-01BADE0E4DF5}"
EndProject
Project("{2150E333-8FDC-42A3-9474-1A3956D46DE8}") = "Домашнее задание", "Домашнее задание", "{337915E5-6325-4D74-A801-45B727DF78B8}"
EndProject
Project("{FAE04EC0-301F-11D3-BF4B-00C04F79EFBC}") = "AdditionalTask", "ConsoleApp1\AdditionalTask.csproj", "{B26B011A-D748-45E6-85FA-C8FB74452D5B}"
EndProject
Project("{FAE04EC0-301F-11D3-BF4B-00C04F79EFBC}") = "Task1", "Task1\Task1.csproj", "{89C373A0-5357-4420-AF7F-5CB4831FF387}"
EndProject
Project("{FAE04EC0-301F-11D3-BF4B-00C04F79EFBC}") = "Task2", "Task2\Task2.csproj", "{2EC47FFE-4E2B-4C2D-A5AE-8B3CEC96E79E}"
EndProject
Project("{FAE04EC0-301F-11D3-BF4B-00C04F79EFBC}") = "Task3", "Task3\Task3.csproj", "{00BD788D-3F86-4882-8418-41FAE6D93F2D}"
EndProject
Project("{FAE04EC0-301F-11D3-BF4B-00C04F79EFBC}") = "Task4", "Task4\Task4.csproj", "{7E2C4C40-BC8F-4D1F-91D5-A9D961BA89C5}"
EndProject
Project("{FAE04EC0-301F-11D3-BF4B-00C04F79EFBC}") = "Task5", "Task5\Task5.csproj", "{F8986E84-9D82-480E-B259-B0D18A0619D6}"
EndProject
Global
	GlobalSection(SolutionConfigurationPlatforms) = preSolution
		Debug|Any CPU = Debug|Any CPU
		Release|Any CPU = Release|Any CPU
	EndGlobalSection
	GlobalSection(ProjectConfigurationPlatforms) = postSolution
		{ADB68953-094B-455F-B0EF-460BA06BE338}.Debug|Any CPU.ActiveCfg = Debug|Any CPU
		{ADB68953-094B-455F-B0EF-460BA06BE338}.Debug|Any CPU.Build.0 = Debug|Any CPU
		{ADB68953-094B-455F-B0EF-460BA06BE338}.Release|Any CPU.ActiveCfg = Release|Any CPU
		{ADB68953-094B-455F-B0EF-460BA06BE338}.Release|Any CPU.Build.0 = Release|Any CPU
		{43B196CB-ED9F-4109-95F2-7D0C9E912D5F}.Debug|Any CPU.ActiveCfg = Debug|Any CPU
		{43B196CB-ED9F-4109-95F2-7D0C9E912D5F}.Debug|Any CPU.Build.0 = Debug|Any CPU
		{43B196CB-ED9F-4109-95F2-7D0C9E912D5F}.Release|Any CPU.ActiveCfg = Release|Any CPU
		{43B196CB-ED9F-4109-95F2-7D0C9E912D5F}.Release|Any CPU.Build.0 = Release|Any CPU
		{FCA29303-072A-4D1D-9C91-07C5F4346DC0}.Debug|Any CPU.ActiveCfg = Debug|Any CPU
		{FCA29303-072A-4D1D-9C91-07C5F4346DC0}.Debug|Any CPU.Build.0 = Debug|Any CPU
		{FCA29303-072A-4D1D-9C91-07C5F4346DC0}.Release|Any CPU.ActiveCfg = Release|Any CPU
		{FCA29303-072A-4D1D-9C91-07C5F4346DC0}.Release|Any CPU.Build.0 = Release|Any CPU
		{12600F94-E6E0-48A8-81FE-60AB1E95AD47}.Debug|Any CPU.ActiveCfg = Debug|Any CPU
		{12600F94-E6E0-48A8-81FE-60AB1E95AD47}.Debug|Any CPU.Build.0 = Debug|Any CPU
		{12600F94-E6E0-48A8-81FE-60AB1E95AD47}.Release|Any CPU.ActiveCfg = Release|Any CPU
		{12600F94-E6E0-48A8-81FE-60AB1E95AD47}.Release|Any CPU.Build.0 = Release|Any CPU
		{4EBC24F4-5F0E-410F-B484-9B683F820B38}.Debug|Any CPU.ActiveCfg = Debug|Any CPU
		{4EBC24F4-5F0E-410F-B484-9B683F820B38}.Debug|Any CPU.Build.0 = Debug|Any CPU
		{4EBC24F4-5F0E-410F-B484-9B683F820B38}.Release|Any CPU.ActiveCfg = Release|Any CPU
		{4EBC24F4-5F0E-410F-B484-9B683F820B38}.Release|Any CPU.Build.0 = Release|Any CPU
		{EE772389-12AE-420D-8453-8AAC5DFEBD6E}.Debug|Any CPU.ActiveCfg = Debug|Any CPU
		{EE772389-12AE-420D-8453-8AAC5DFEBD6E}.Debug|Any CPU.Build.0 = Debug|Any CPU
		{EE772389-12AE-420D-8453-8AAC5DFEBD6E}.Release|Any CPU.ActiveCfg = Release|Any CPU
		{EE772389-12AE-420D-8453-8AAC5DFEBD6E}.Release|Any CPU.Build.0 = Release|Any CPU
		{9B776D30-C206-48CF-9E63-57C321874CA4}.Debug|Any CPU.ActiveCfg = Debug|Any CPU
		{9B776D30-C206-48CF-9E63-57C321874CA4}.Debug|Any CPU.Build.0 = Debug|Any CPU
		{9B776D30-C206-48CF-9E63-57C321874CA4}.Release|Any CPU.ActiveCfg = Release|Any CPU
		{9B776D30-C206-48CF-9E63-57C321874CA4}.Release|Any CPU.Build.0 = Release|Any CPU
		{8AB1883E-FB71-4445-B7F8-9DC8F9C580FA}.Debug|Any CPU.ActiveCfg = Debug|Any CPU
		{8AB1883E-FB71-4445-B7F8-9DC8F9C580FA}.Debug|Any CPU.Build.0 = Debug|Any CPU
		{8AB1883E-FB71-4445-B7F8-9DC8F9C580FA}.Release|Any CPU.ActiveCfg = Release|Any CPU
		{8AB1883E-FB71-4445-B7F8-9DC8F9C580FA}.Release|Any CPU.Build.0 = Release|Any CPU
		{E3CC9702-C515-4B6C-B6B3-018322094036}.Debug|Any CPU.ActiveCfg = Debug|Any CPU
		{E3CC9702-C515-4B6C-B6B3-018322094036}.Debug|Any CPU.Build.0 = Debug|Any CPU
		{E3CC9702-C515-4B6C-B6B3-018322094036}.Release|Any CPU.ActiveCfg = Release|Any CPU
		{E3CC9702-C515-4B6C-B6B3-018322094036}.Release|Any CPU.Build.0 = Release|Any CPU
		{E5C6D6A3-BF35-4064-BD7D-1FDFF7F753D3}.Debug|Any CPU.ActiveCfg = Debug|Any CPU
		{E5C6D6A3-BF35-4064-BD7D-1FDFF7F753D3}.Debug|Any CPU.Build.0 = Debug|Any CPU
		{E5C6D6A3-BF35-4064-BD7D-1FDFF7F753D3}.Release|Any CPU.ActiveCfg = Release|Any CPU
		{E5C6D6A3-BF35-4064-BD7D-1FDFF7F753D3}.Release|Any CPU.Build.0 = Release|Any CPU
		{31225EB6-756A-4AF8-A5F8-6F58DE0110C5}.Debug|Any CPU.ActiveCfg = Debug|Any CPU
		{31225EB6-756A-4AF8-A5F8-6F58DE0110C5}.Debug|Any CPU.Build.0 = Debug|Any CPU
		{31225EB6-756A-4AF8-A5F8-6F58DE0110C5}.Release|Any CPU.ActiveCfg = Release|Any CPU
		{31225EB6-756A-4AF8-A5F8-6F58DE0110C5}.Release|Any CPU.Build.0 = Release|Any CPU
		{B4002FA8-EBE7-4380-BB3D-CD1B0DA6406D}.Debug|Any CPU.ActiveCfg = Debug|Any CPU
		{B4002FA8-EBE7-4380-BB3D-CD1B0DA6406D}.Debug|Any CPU.Build.0 = Debug|Any CPU
		{B4002FA8-EBE7-4380-BB3D-CD1B0DA6406D}.Release|Any CPU.ActiveCfg = Release|Any CPU
		{B4002FA8-EBE7-4380-BB3D-CD1B0DA6406D}.Release|Any CPU.Build.0 = Release|Any CPU
		{FC97006C-78CA-4053-B1B5-8980E9B05896}.Debug|Any CPU.ActiveCfg = Debug|Any CPU
		{FC97006C-78CA-4053-B1B5-8980E9B05896}.Debug|Any CPU.Build.0 = Debug|Any CPU
		{FC97006C-78CA-4053-B1B5-8980E9B05896}.Release|Any CPU.ActiveCfg = Release|Any CPU
		{FC97006C-78CA-4053-B1B5-8980E9B05896}.Release|Any CPU.Build.0 = Release|Any CPU
		{A1DBD4DE-FCF1-4676-AEFC-777C5E4D6345}.Debug|Any CPU.ActiveCfg = Debug|Any CPU
		{A1DBD4DE-FCF1-4676-AEFC-777C5E4D6345}.Debug|Any CPU.Build.0 = Debug|Any CPU
		{A1DBD4DE-FCF1-4676-AEFC-777C5E4D6345}.Release|Any CPU.ActiveCfg = Release|Any CPU
		{A1DBD4DE-FCF1-4676-AEFC-777C5E4D6345}.Release|Any CPU.Build.0 = Release|Any CPU
		{8E3AC864-1C7F-4543-93A4-27141559A23A}.Debug|Any CPU.ActiveCfg = Debug|Any CPU
		{8E3AC864-1C7F-4543-93A4-27141559A23A}.Debug|Any CPU.Build.0 = Debug|Any CPU
		{8E3AC864-1C7F-4543-93A4-27141559A23A}.Release|Any CPU.ActiveCfg = Release|Any CPU
		{8E3AC864-1C7F-4543-93A4-27141559A23A}.Release|Any CPU.Build.0 = Release|Any CPU
		{1BCC9FF6-044E-4506-992F-AC75453806AE}.Debug|Any CPU.ActiveCfg = Debug|Any CPU
		{1BCC9FF6-044E-4506-992F-AC75453806AE}.Debug|Any CPU.Build.0 = Debug|Any CPU
		{1BCC9FF6-044E-4506-992F-AC75453806AE}.Release|Any CPU.ActiveCfg = Release|Any CPU
		{1BCC9FF6-044E-4506-992F-AC75453806AE}.Release|Any CPU.Build.0 = Release|Any CPU
		{4A19D51E-20D2-45E6-BEFC-E1DC15106F63}.Debug|Any CPU.ActiveCfg = Debug|Any CPU
		{4A19D51E-20D2-45E6-BEFC-E1DC15106F63}.Debug|Any CPU.Build.0 = Debug|Any CPU
		{4A19D51E-20D2-45E6-BEFC-E1DC15106F63}.Release|Any CPU.ActiveCfg = Release|Any CPU
		{4A19D51E-20D2-45E6-BEFC-E1DC15106F63}.Release|Any CPU.Build.0 = Release|Any CPU
		{8E44A769-06A6-4689-B80E-9A33007CAF59}.Debug|Any CPU.ActiveCfg = Debug|Any CPU
		{8E44A769-06A6-4689-B80E-9A33007CAF59}.Debug|Any CPU.Build.0 = Debug|Any CPU
		{8E44A769-06A6-4689-B80E-9A33007CAF59}.Release|Any CPU.ActiveCfg = Release|Any CPU
		{8E44A769-06A6-4689-B80E-9A33007CAF59}.Release|Any CPU.Build.0 = Release|Any CPU
		{2612F161-EFBF-4742-AE4F-5C4222C46560}.Debug|Any CPU.ActiveCfg = Debug|Any CPU
		{2612F161-EFBF-4742-AE4F-5C4222C46560}.Debug|Any CPU.Build.0 = Debug|Any CPU
		{2612F161-EFBF-4742-AE4F-5C4222C46560}.Release|Any CPU.ActiveCfg = Release|Any CPU
		{2612F161-EFBF-4742-AE4F-5C4222C46560}.Release|Any CPU.Build.0 = Release|Any CPU
		{DA8C7CC9-D74E-4C10-B635-69BBDBC3A0E5}.Debug|Any CPU.ActiveCfg = Debug|Any CPU
		{DA8C7CC9-D74E-4C10-B635-69BBDBC3A0E5}.Debug|Any CPU.Build.0 = Debug|Any CPU
		{DA8C7CC9-D74E-4C10-B635-69BBDBC3A0E5}.Release|Any CPU.ActiveCfg = Release|Any CPU
		{DA8C7CC9-D74E-4C10-B635-69BBDBC3A0E5}.Release|Any CPU.Build.0 = Release|Any CPU
		{4169FF1C-2A44-4DD5-86E9-DD3C5159575C}.Debug|Any CPU.ActiveCfg = Debug|Any CPU
		{4169FF1C-2A44-4DD5-86E9-DD3C5159575C}.Debug|Any CPU.Build.0 = Debug|Any CPU
		{4169FF1C-2A44-4DD5-86E9-DD3C5159575C}.Release|Any CPU.ActiveCfg = Release|Any CPU
		{4169FF1C-2A44-4DD5-86E9-DD3C5159575C}.Release|Any CPU.Build.0 = Release|Any CPU
		{F6DE3D25-413C-4442-84B3-CDA16105B280}.Debug|Any CPU.ActiveCfg = Debug|Any CPU
		{F6DE3D25-413C-4442-84B3-CDA16105B280}.Debug|Any CPU.Build.0 = Debug|Any CPU
		{F6DE3D25-413C-4442-84B3-CDA16105B280}.Release|Any CPU.ActiveCfg = Release|Any CPU
		{F6DE3D25-413C-4442-84B3-CDA16105B280}.Release|Any CPU.Build.0 = Release|Any CPU
		{5E95C0E4-3F68-4E92-80A8-80A26062A0B8}.Debug|Any CPU.ActiveCfg = Debug|Any CPU
		{5E95C0E4-3F68-4E92-80A8-80A26062A0B8}.Debug|Any CPU.Build.0 = Debug|Any CPU
		{5E95C0E4-3F68-4E92-80A8-80A26062A0B8}.Release|Any CPU.ActiveCfg = Release|Any CPU
		{5E95C0E4-3F68-4E92-80A8-80A26062A0B8}.Release|Any CPU.Build.0 = Release|Any CPU
		{2EFFB73C-361B-464B-BDED-ECCDF04D8EA0}.Debug|Any CPU.ActiveCfg = Debug|Any CPU
		{2EFFB73C-361B-464B-BDED-ECCDF04D8EA0}.Debug|Any CPU.Build.0 = Debug|Any CPU
		{2EFFB73C-361B-464B-BDED-ECCDF04D8EA0}.Release|Any CPU.ActiveCfg = Release|Any CPU
		{2EFFB73C-361B-464B-BDED-ECCDF04D8EA0}.Release|Any CPU.Build.0 = Release|Any CPU
		{6A43FBDA-62B5-4CA1-9107-BFB1EB9B61AD}.Debug|Any CPU.ActiveCfg = Debug|Any CPU
		{6A43FBDA-62B5-4CA1-9107-BFB1EB9B61AD}.Debug|Any CPU.Build.0 = Debug|Any CPU
		{6A43FBDA-62B5-4CA1-9107-BFB1EB9B61AD}.Release|Any CPU.ActiveCfg = Release|Any CPU
		{6A43FBDA-62B5-4CA1-9107-BFB1EB9B61AD}.Release|Any CPU.Build.0 = Release|Any CPU
		{78BAD043-9F31-4093-8888-701BA405E049}.Debug|Any CPU.ActiveCfg = Debug|Any CPU
		{78BAD043-9F31-4093-8888-701BA405E049}.Debug|Any CPU.Build.0 = Debug|Any CPU
		{78BAD043-9F31-4093-8888-701BA405E049}.Release|Any CPU.ActiveCfg = Release|Any CPU
		{78BAD043-9F31-4093-8888-701BA405E049}.Release|Any CPU.Build.0 = Release|Any CPU
		{E387BECE-5A11-4BE5-B679-37F2BE54A9ED}.Debug|Any CPU.ActiveCfg = Debug|Any CPU
		{E387BECE-5A11-4BE5-B679-37F2BE54A9ED}.Debug|Any CPU.Build.0 = Debug|Any CPU
		{E387BECE-5A11-4BE5-B679-37F2BE54A9ED}.Release|Any CPU.ActiveCfg = Release|Any CPU
		{E387BECE-5A11-4BE5-B679-37F2BE54A9ED}.Release|Any CPU.Build.0 = Release|Any CPU
		{F60B7F79-EA60-4870-8F84-631E09FC528A}.Debug|Any CPU.ActiveCfg = Debug|Any CPU
		{F60B7F79-EA60-4870-8F84-631E09FC528A}.Debug|Any CPU.Build.0 = Debug|Any CPU
		{F60B7F79-EA60-4870-8F84-631E09FC528A}.Release|Any CPU.ActiveCfg = Release|Any CPU
		{F60B7F79-EA60-4870-8F84-631E09FC528A}.Release|Any CPU.Build.0 = Release|Any CPU
		{4E9B8417-6604-4B47-B1BB-16A6B868946A}.Debug|Any CPU.ActiveCfg = Debug|Any CPU
		{4E9B8417-6604-4B47-B1BB-16A6B868946A}.Debug|Any CPU.Build.0 = Debug|Any CPU
		{4E9B8417-6604-4B47-B1BB-16A6B868946A}.Release|Any CPU.ActiveCfg = Release|Any CPU
		{4E9B8417-6604-4B47-B1BB-16A6B868946A}.Release|Any CPU.Build.0 = Release|Any CPU
		{92BFBA53-D8E5-4BBE-920D-01BADE0E4DF5}.Debug|Any CPU.ActiveCfg = Debug|Any CPU
		{92BFBA53-D8E5-4BBE-920D-01BADE0E4DF5}.Debug|Any CPU.Build.0 = Debug|Any CPU
		{92BFBA53-D8E5-4BBE-920D-01BADE0E4DF5}.Release|Any CPU.ActiveCfg = Release|Any CPU
		{92BFBA53-D8E5-4BBE-920D-01BADE0E4DF5}.Release|Any CPU.Build.0 = Release|Any CPU
		{B26B011A-D748-45E6-85FA-C8FB74452D5B}.Debug|Any CPU.ActiveCfg = Debug|Any CPU
		{B26B011A-D748-45E6-85FA-C8FB74452D5B}.Debug|Any CPU.Build.0 = Debug|Any CPU
		{B26B011A-D748-45E6-85FA-C8FB74452D5B}.Release|Any CPU.ActiveCfg = Release|Any CPU
		{B26B011A-D748-45E6-85FA-C8FB74452D5B}.Release|Any CPU.Build.0 = Release|Any CPU
		{89C373A0-5357-4420-AF7F-5CB4831FF387}.Debug|Any CPU.ActiveCfg = Debug|Any CPU
		{89C373A0-5357-4420-AF7F-5CB4831FF387}.Debug|Any CPU.Build.0 = Debug|Any CPU
		{89C373A0-5357-4420-AF7F-5CB4831FF387}.Release|Any CPU.ActiveCfg = Release|Any CPU
		{89C373A0-5357-4420-AF7F-5CB4831FF387}.Release|Any CPU.Build.0 = Release|Any CPU
		{2EC47FFE-4E2B-4C2D-A5AE-8B3CEC96E79E}.Debug|Any CPU.ActiveCfg = Debug|Any CPU
		{2EC47FFE-4E2B-4C2D-A5AE-8B3CEC96E79E}.Debug|Any CPU.Build.0 = Debug|Any CPU
		{2EC47FFE-4E2B-4C2D-A5AE-8B3CEC96E79E}.Release|Any CPU.ActiveCfg = Release|Any CPU
		{2EC47FFE-4E2B-4C2D-A5AE-8B3CEC96E79E}.Release|Any CPU.Build.0 = Release|Any CPU
		{00BD788D-3F86-4882-8418-41FAE6D93F2D}.Debug|Any CPU.ActiveCfg = Debug|Any CPU
		{00BD788D-3F86-4882-8418-41FAE6D93F2D}.Debug|Any CPU.Build.0 = Debug|Any CPU
		{00BD788D-3F86-4882-8418-41FAE6D93F2D}.Release|Any CPU.ActiveCfg = Release|Any CPU
		{00BD788D-3F86-4882-8418-41FAE6D93F2D}.Release|Any CPU.Build.0 = Release|Any CPU
		{7E2C4C40-BC8F-4D1F-91D5-A9D961BA89C5}.Debug|Any CPU.ActiveCfg = Debug|Any CPU
		{7E2C4C40-BC8F-4D1F-91D5-A9D961BA89C5}.Debug|Any CPU.Build.0 = Debug|Any CPU
		{7E2C4C40-BC8F-4D1F-91D5-A9D961BA89C5}.Release|Any CPU.ActiveCfg = Release|Any CPU
		{7E2C4C40-BC8F-4D1F-91D5-A9D961BA89C5}.Release|Any CPU.Build.0 = Release|Any CPU
		{F8986E84-9D82-480E-B259-B0D18A0619D6}.Debug|Any CPU.ActiveCfg = Debug|Any CPU
		{F8986E84-9D82-480E-B259-B0D18A0619D6}.Debug|Any CPU.Build.0 = Debug|Any CPU
		{F8986E84-9D82-480E-B259-B0D18A0619D6}.Release|Any CPU.ActiveCfg = Release|Any CPU
		{F8986E84-9D82-480E-B259-B0D18A0619D6}.Release|Any CPU.Build.0 = Release|Any CPU
	EndGlobalSection
	GlobalSection(SolutionProperties) = preSolution
		HideSolutionNode = FALSE
	EndGlobalSection
	GlobalSection(NestedProjects) = preSolution
		{43102F4E-1583-4FC3-B48C-0637AA4F33CC} = {38B7F46D-0739-4864-8AF4-9F6B1679E6DD}
		{43B196CB-ED9F-4109-95F2-7D0C9E912D5F} = {43102F4E-1583-4FC3-B48C-0637AA4F33CC}
		{FCA29303-072A-4D1D-9C91-07C5F4346DC0} = {43102F4E-1583-4FC3-B48C-0637AA4F33CC}
		{12600F94-E6E0-48A8-81FE-60AB1E95AD47} = {43102F4E-1583-4FC3-B48C-0637AA4F33CC}
		{4EBC24F4-5F0E-410F-B484-9B683F820B38} = {43102F4E-1583-4FC3-B48C-0637AA4F33CC}
		{EE772389-12AE-420D-8453-8AAC5DFEBD6E} = {43102F4E-1583-4FC3-B48C-0637AA4F33CC}
		{F134E5B7-6569-44F8-811B-508F32ED182F} = {38B7F46D-0739-4864-8AF4-9F6B1679E6DD}
		{0DF60CF4-EEA0-4BB4-9887-D28D6FE19E77} = {F134E5B7-6569-44F8-811B-508F32ED182F}
		{9B776D30-C206-48CF-9E63-57C321874CA4} = {0DF60CF4-EEA0-4BB4-9887-D28D6FE19E77}
		{8AB1883E-FB71-4445-B7F8-9DC8F9C580FA} = {0DF60CF4-EEA0-4BB4-9887-D28D6FE19E77}
		{E3CC9702-C515-4B6C-B6B3-018322094036} = {0DF60CF4-EEA0-4BB4-9887-D28D6FE19E77}
		{E5C6D6A3-BF35-4064-BD7D-1FDFF7F753D3} = {0DF60CF4-EEA0-4BB4-9887-D28D6FE19E77}
		{31225EB6-756A-4AF8-A5F8-6F58DE0110C5} = {0DF60CF4-EEA0-4BB4-9887-D28D6FE19E77}
		{B4002FA8-EBE7-4380-BB3D-CD1B0DA6406D} = {0DF60CF4-EEA0-4BB4-9887-D28D6FE19E77}
		{FC97006C-78CA-4053-B1B5-8980E9B05896} = {0DF60CF4-EEA0-4BB4-9887-D28D6FE19E77}
		{A1DBD4DE-FCF1-4676-AEFC-777C5E4D6345} = {0DF60CF4-EEA0-4BB4-9887-D28D6FE19E77}
		{8E3AC864-1C7F-4543-93A4-27141559A23A} = {0DF60CF4-EEA0-4BB4-9887-D28D6FE19E77}
		{1BCC9FF6-044E-4506-992F-AC75453806AE} = {0DF60CF4-EEA0-4BB4-9887-D28D6FE19E77}
		{4A19D51E-20D2-45E6-BEFC-E1DC15106F63} = {0DF60CF4-EEA0-4BB4-9887-D28D6FE19E77}
		{8E44A769-06A6-4689-B80E-9A33007CAF59} = {0DF60CF4-EEA0-4BB4-9887-D28D6FE19E77}
		{2612F161-EFBF-4742-AE4F-5C4222C46560} = {0DF60CF4-EEA0-4BB4-9887-D28D6FE19E77}
		{DA8C7CC9-D74E-4C10-B635-69BBDBC3A0E5} = {0DF60CF4-EEA0-4BB4-9887-D28D6FE19E77}
		{4169FF1C-2A44-4DD5-86E9-DD3C5159575C} = {0DF60CF4-EEA0-4BB4-9887-D28D6FE19E77}
		{F6DE3D25-413C-4442-84B3-CDA16105B280} = {0DF60CF4-EEA0-4BB4-9887-D28D6FE19E77}
		{5E95C0E4-3F68-4E92-80A8-80A26062A0B8} = {0DF60CF4-EEA0-4BB4-9887-D28D6FE19E77}
		{2EFFB73C-361B-464B-BDED-ECCDF04D8EA0} = {0DF60CF4-EEA0-4BB4-9887-D28D6FE19E77}
		{C722ED62-4FA4-4D89-A9AD-64F7EB227FF2} = {F134E5B7-6569-44F8-811B-508F32ED182F}
		{6A43FBDA-62B5-4CA1-9107-BFB1EB9B61AD} = {C722ED62-4FA4-4D89-A9AD-64F7EB227FF2}
		{78BAD043-9F31-4093-8888-701BA405E049} = {C722ED62-4FA4-4D89-A9AD-64F7EB227FF2}
		{E387BECE-5A11-4BE5-B679-37F2BE54A9ED} = {C722ED62-4FA4-4D89-A9AD-64F7EB227FF2}
		{F60B7F79-EA60-4870-8F84-631E09FC528A} = {C722ED62-4FA4-4D89-A9AD-64F7EB227FF2}
		{4E9B8417-6604-4B47-B1BB-16A6B868946A} = {C722ED62-4FA4-4D89-A9AD-64F7EB227FF2}
		{92BFBA53-D8E5-4BBE-920D-01BADE0E4DF5} = {C722ED62-4FA4-4D89-A9AD-64F7EB227FF2}
		{337915E5-6325-4D74-A801-45B727DF78B8} = {F134E5B7-6569-44F8-811B-508F32ED182F}
		{B26B011A-D748-45E6-85FA-C8FB74452D5B} = {337915E5-6325-4D74-A801-45B727DF78B8}
		{89C373A0-5357-4420-AF7F-5CB4831FF387} = {337915E5-6325-4D74-A801-45B727DF78B8}
		{2EC47FFE-4E2B-4C2D-A5AE-8B3CEC96E79E} = {337915E5-6325-4D74-A801-45B727DF78B8}
		{00BD788D-3F86-4882-8418-41FAE6D93F2D} = {337915E5-6325-4D74-A801-45B727DF78B8}
		{7E2C4C40-BC8F-4D1F-91D5-A9D961BA89C5} = {337915E5-6325-4D74-A801-45B727DF78B8}
		{F8986E84-9D82-480E-B259-B0D18A0619D6} = {337915E5-6325-4D74-A801-45B727DF78B8}
	EndGlobalSection
	GlobalSection(ExtensibilityGlobals) = postSolution
		SolutionGuid = {8EC651EF-E473-43E4-90BF-6591E27E66DB}
	EndGlobalSection
EndGlobal
