
Microsoft Visual Studio Solution File, Format Version 12.00
# Visual Studio 15
VisualStudioVersion = 15.0.27130.2027
MinimumVisualStudioVersion = 10.0.40219.1
Project("{FAE04EC0-301F-11D3-BF4B-00C04F79EFBC}") = "HttpAsyncAwait", "HttpAsyncAwait\HttpAsyncAwait.csproj", "{ADB68953-094B-455F-B0EF-460BA06BE338}"
EndProject
Project("{2150E333-8FDC-42A3-9474-1A3956D46DE8}") = "C Sharp Starter", "C Sharp Starter", "{38B7F46D-0739-4864-8AF4-9F6B1679E6DD}"
EndProject
Project("{2150E333-8FDC-42A3-9474-1A3956D46DE8}") = "ВИДЕОУРОК №2. МАШИННАЯ МАТЕМАТИКА И СИСТЕМЫ СЧИСЛЕНИЯ", "ВИДЕОУРОК №2. МАШИННАЯ МАТЕМАТИКА И СИСТЕМЫ СЧИСЛЕНИЯ", "{43102F4E-1583-4FC3-B48C-0637AA4F33CC}"
EndProject
Project("{FAE04EC0-301F-11D3-BF4B-00C04F79EFBC}") = "03_How To Обзор самых популярных сочетаний клавиш в VS", "03 Обзор самых популярных сочетаний клавиш в VS\03_How To Обзор самых популярных сочетаний клавиш в VS.csproj", "{43B196CB-ED9F-4109-95F2-7D0C9E912D5F}"
EndProject
Project("{FAE04EC0-301F-11D3-BF4B-00C04F79EFBC}") = "Директивы препроцессора", "Директивы препроцессора\Директивы препроцессора.csproj", "{FCA29303-072A-4D1D-9C91-07C5F4346DC0}"
EndProject
Project("{FAE04EC0-301F-11D3-BF4B-00C04F79EFBC}") = "HomeWork_МАШИННАЯ МАТЕМАТИКА И СИСТЕМЫ СЧИСЛЕНИЯ", "HomeWork_МАШИННАЯ МАТЕМАТИКА И СИСТЕМЫ СЧИСЛЕНИЯ\HomeWork_МАШИННАЯ МАТЕМАТИКА И СИСТЕМЫ СЧИСЛЕНИЯ.csproj", "{12600F94-E6E0-48A8-81FE-60AB1E95AD47}"
EndProject
Project("{FAE04EC0-301F-11D3-BF4B-00C04F79EFBC}") = "Homework__Part2_МАШИННАЯ МАТЕМАТИКА И СИСТЕМЫ СЧИСЛЕНИЯ", "Homework__Part2_МАШИННАЯ МАТЕМАТИКА И СИСТЕМЫ СЧИСЛЕНИЯ\Homework__Part2_МАШИННАЯ МАТЕМАТИКА И СИСТЕМЫ СЧИСЛЕНИЯ.csproj", "{4EBC24F4-5F0E-410F-B484-9B683F820B38}"
EndProject
Project("{FAE04EC0-301F-11D3-BF4B-00C04F79EFBC}") = "Homework_Part3_МАШИННАЯ МАТЕМАТИКА И СИСТЕМЫ СЧИСЛЕНИЯ", "Homework_Part3_МАШИННАЯ МАТЕМАТИКА И СИСТЕМЫ СЧИСЛЕНИЯ\Homework_Part3_МАШИННАЯ МАТЕМАТИКА И СИСТЕМЫ СЧИСЛЕНИЯ.csproj", "{EE772389-12AE-420D-8453-8AAC5DFEBD6E}"
EndProject
Project("{2150E333-8FDC-42A3-9474-1A3956D46DE8}") = "ВИДЕОУРОК №3. ПЕРЕМЕННЫЕ И ТИПЫ ДАННЫХ", "ВИДЕОУРОК №3. ПЕРЕМЕННЫЕ И ТИПЫ ДАННЫХ", "{F134E5B7-6569-44F8-811B-508F32ED182F}"
EndProject
Project("{2150E333-8FDC-42A3-9474-1A3956D46DE8}") = "Примеры с полного урока", "Примеры с полного урока", "{0DF60CF4-EEA0-4BB4-9887-D28D6FE19E77}"
EndProject
Project("{FAE04EC0-301F-11D3-BF4B-00C04F79EFBC}") = "002_Casting", "Casting\002_Casting.csproj", "{9B776D30-C206-48CF-9E63-57C321874CA4}"
EndProject
Project("{FAE04EC0-301F-11D3-BF4B-00C04F79EFBC}") = "003_Arithmetic", "003_Arithmetic\003_Arithmetic.csproj", "{8AB1883E-FB71-4445-B7F8-9DC8F9C580FA}"
EndProject
Project("{FAE04EC0-301F-11D3-BF4B-00C04F79EFBC}") = "004_MathPow", "004_MathPow\004_MathPow.csproj", "{E3CC9702-C515-4B6C-B6B3-018322094036}"
EndProject
Project("{FAE04EC0-301F-11D3-BF4B-00C04F79EFBC}") = "005_MathSqrt", "005_MathSqrt\005_MathSqrt.csproj", "{E5C6D6A3-BF35-4064-BD7D-1FDFF7F753D3}"
EndProject
Project("{FAE04EC0-301F-11D3-BF4B-00C04F79EFBC}") = "006_Comparison", "006_Comparison\006_Comparison.csproj", "{31225EB6-756A-4AF8-A5F8-6F58DE0110C5}"
EndProject
Project("{FAE04EC0-301F-11D3-BF4B-00C04F79EFBC}") = "007_IncDec", "007_IncDec\007_IncDec.csproj", "{B4002FA8-EBE7-4380-BB3D-CD1B0DA6406D}"
EndProject
Project("{FAE04EC0-301F-11D3-BF4B-00C04F79EFBC}") = "008_Assignment", "008_Assignment\008_Assignment.csproj", "{FC97006C-78CA-4053-B1B5-8980E9B05896}"
EndProject
Project("{FAE04EC0-301F-11D3-BF4B-00C04F79EFBC}") = "009_LocalVariables", "009_LocalVariables\009_LocalVariables.csproj", "{A1DBD4DE-FCF1-4676-AEFC-777C5E4D6345}"
EndProject
Project("{FAE04EC0-301F-11D3-BF4B-00C04F79EFBC}") = "010_At", "010_At\010_At.csproj", "{8E3AC864-1C7F-4543-93A4-27141559A23A}"
EndProject
Project("{FAE04EC0-301F-11D3-BF4B-00C04F79EFBC}") = "011_Checked", "011_Checked\011_Checked.csproj", "{1BCC9FF6-044E-4506-992F-AC75453806AE}"
EndProject
Project("{FAE04EC0-301F-11D3-BF4B-00C04F79EFBC}") = "012_UnCkecked", "012_UnCkecked\012_UnCkecked.csproj", "{4A19D51E-20D2-45E6-BEFC-E1DC15106F63}"
EndProject
Project("{FAE04EC0-301F-11D3-BF4B-00C04F79EFBC}") = "013_CheckedUnChecked", "013_CheckedUnChecked\013_CheckedUnChecked.csproj", "{8E44A769-06A6-4689-B80E-9A33007CAF59}"
EndProject
Project("{FAE04EC0-301F-11D3-BF4B-00C04F79EFBC}") = "014_Concatenation", "014_Concatenation\014_Concatenation.csproj", "{2612F161-EFBF-4742-AE4F-5C4222C46560}"
EndProject
Project("{FAE04EC0-301F-11D3-BF4B-00C04F79EFBC}") = "015_StringFormat", "015_StringFormat\015_StringFormat.csproj", "{DA8C7CC9-D74E-4C10-B635-69BBDBC3A0E5}"
EndProject
Project("{FAE04EC0-301F-11D3-BF4B-00C04F79EFBC}") = "016_FlagFormating", "016_FlagFormating\016_FlagFormating.csproj", "{4169FF1C-2A44-4DD5-86E9-DD3C5159575C}"
EndProject
Project("{FAE04EC0-301F-11D3-BF4B-00C04F79EFBC}") = "017_Sizeof", "017_Sizeof\017_Sizeof.csproj", "{F6DE3D25-413C-4442-84B3-CDA16105B280}"
EndProject
Project("{FAE04EC0-301F-11D3-BF4B-00C04F79EFBC}") = "018_Var", "018_Var\018_Var.csproj", "{5E95C0E4-3F68-4E92-80A8-80A26062A0B8}"
EndProject
Project("{FAE04EC0-301F-11D3-BF4B-00C04F79EFBC}") = "019_Comparison", "019_Comparison\019_Comparison.csproj", "{2EFFB73C-361B-464B-BDED-ECCDF04D8EA0}"
EndProject
Project("{2150E333-8FDC-42A3-9474-1A3956D46DE8}") = "How To", "How To", "{C722ED62-4FA4-4D89-A9AD-64F7EB227FF2}"
EndProject
Project("{FAE04EC0-301F-11D3-BF4B-00C04F79EFBC}") = "007_Default", "Default\007_Default.csproj", "{6A43FBDA-62B5-4CA1-9107-BFB1EB9B61AD}"
EndProject
Project("{FAE04EC0-301F-11D3-BF4B-00C04F79EFBC}") = "008_Constant", "Constant\008_Constant.csproj", "{78BAD043-9F31-4093-8888-701BA405E049}"
EndProject
Project("{FAE04EC0-301F-11D3-BF4B-00C04F79EFBC}") = "009_Casting", "_Casting\009_Casting.csproj", "{E387BECE-5A11-4BE5-B679-37F2BE54A9ED}"
EndProject
Project("{FAE04EC0-301F-11D3-BF4B-00C04F79EFBC}") = "012_CompareTypes", "CompareTypes\012_CompareTypes.csproj", "{F60B7F79-EA60-4870-8F84-631E09FC528A}"
EndProject
Project("{FAE04EC0-301F-11D3-BF4B-00C04F79EFBC}") = "OverFlow", "OverFlow\OverFlow.csproj", "{4E9B8417-6604-4B47-B1BB-16A6B868946A}"
EndProject
Project("{FAE04EC0-301F-11D3-BF4B-00C04F79EFBC}") = "Concat", "Concat\Concat.csproj", "{92BFBA53-D8E5-4BBE-920D-01BADE0E4DF5}"
EndProject
Project("{2150E333-8FDC-42A3-9474-1A3956D46DE8}") = "Домашнее задание", "Домашнее задание", "{337915E5-6325-4D74-A801-45B727DF78B8}"
EndProject
Project("{FAE04EC0-301F-11D3-BF4B-00C04F79EFBC}") = "AdditionalTask", "ConsoleApp1\AdditionalTask.csproj", "{B26B011A-D748-45E6-85FA-C8FB74452D5B}"
EndProject
Project("{FAE04EC0-301F-11D3-BF4B-00C04F79EFBC}") = "Task1", "Task1\Task1.csproj", "{89C373A0-5357-4420-AF7F-5CB4831FF387}"
EndProject
Project("{FAE04EC0-301F-11D3-BF4B-00C04F79EFBC}") = "Task2", "Task2\Task2.csproj", "{2EC47FFE-4E2B-4C2D-A5AE-8B3CEC96E79E}"
EndProject
Project("{FAE04EC0-301F-11D3-BF4B-00C04F79EFBC}") = "Task3", "Task3\Task3.csproj", "{00BD788D-3F86-4882-8418-41FAE6D93F2D}"
EndProject
Project("{FAE04EC0-301F-11D3-BF4B-00C04F79EFBC}") = "Task4", "Task4\Task4.csproj", "{7E2C4C40-BC8F-4D1F-91D5-A9D961BA89C5}"
EndProject
Project("{FAE04EC0-301F-11D3-BF4B-00C04F79EFBC}") = "Task5", "Task5\Task5.csproj", "{F8986E84-9D82-480E-B259-B0D18A0619D6}"
EndProject
Project("{2150E333-8FDC-42A3-9474-1A3956D46DE8}") = "ВИДЕОУРОК №4. УСЛОВНЫЕ КОНСТРУКЦИИ", "ВИДЕОУРОК №4. УСЛОВНЫЕ КОНСТРУКЦИИ", "{DAD4E4A8-778C-4222-B335-743361F8D641}"
EndProject
Project("{2150E333-8FDC-42A3-9474-1A3956D46DE8}") = "Примеры с полного урока", "Примеры с полного урока", "{375F3E63-91DD-41C7-977C-10150F9B2D0C}"
EndProject
Project("{FAE04EC0-301F-11D3-BF4B-00C04F79EFBC}") = "001_If", "001_If\001_If.csproj", "{A341C523-49AB-4D4D-900F-59746980E8CE}"
EndProject
Project("{FAE04EC0-301F-11D3-BF4B-00C04F79EFBC}") = "002_If-else", "002_If-else\002_If-else.csproj", "{014C96DA-2708-41B5-BFCB-6B35AB953471}"
EndProject
Project("{FAE04EC0-301F-11D3-BF4B-00C04F79EFBC}") = "003_If-else", "003_If-else\003_If-else.csproj", "{F5C673A6-EBA4-48E8-8D3C-0429A50E4491}"
EndProject
Project("{FAE04EC0-301F-11D3-BF4B-00C04F79EFBC}") = "004_If-else If-else", "004_If-else If-else\004_If-else If-else.csproj", "{AF5935CA-4A08-42DC-8ACF-01F837FE38B9}"
EndProject
Project("{FAE04EC0-301F-11D3-BF4B-00C04F79EFBC}") = "005_Authentication", "005_Authentication\005_Authentication.csproj", "{0E68BD6E-85E0-4FAC-81DD-0EA89B22129E}"
EndProject
Project("{FAE04EC0-301F-11D3-BF4B-00C04F79EFBC}") = "006_Ternary", "006_Ternary\006_Ternary.csproj", "{55F276DB-4C75-469F-8AA8-461E13394900}"
EndProject
Project("{FAE04EC0-301F-11D3-BF4B-00C04F79EFBC}") = "007_Ternary", "007_Ternary\007_Ternary.csproj", "{261CD190-3F03-4D44-82DE-AE5B2BCBA22A}"
EndProject
Project("{FAE04EC0-301F-11D3-BF4B-00C04F79EFBC}") = "008_Ternary", "008_Ternary\008_Ternary.csproj", "{231C6824-26EB-4983-AA05-2C238FFF57E9}"
EndProject
Project("{FAE04EC0-301F-11D3-BF4B-00C04F79EFBC}") = "009_Ternary", "009_Ternary\009_Ternary.csproj", "{CE369F1E-1766-4360-AE5A-D6B5B9A418E0}"
EndProject
Project("{FAE04EC0-301F-11D3-BF4B-00C04F79EFBC}") = "010_Ternary", "010_Ternary\010_Ternary.csproj", "{73D3B4B2-681E-4C6E-BCB2-7D80D9B62B74}"
EndProject
Project("{FAE04EC0-301F-11D3-BF4B-00C04F79EFBC}") = "011_Ternary", "011_Ternary\011_Ternary.csproj", "{3A0301E3-892C-48BF-B8A5-50599B61DA1E}"
EndProject
Project("{FAE04EC0-301F-11D3-BF4B-00C04F79EFBC}") = "012_Switch", "012_Switch\012_Switch.csproj", "{04EA4AC6-E755-45A6-A778-0B03BAF54584}"
EndProject
Project("{FAE04EC0-301F-11D3-BF4B-00C04F79EFBC}") = "013_Switch", "013_Switch\013_Switch.csproj", "{412A3EB8-6CA5-415A-B5E5-35B0AB6EA384}"
EndProject
Project("{FAE04EC0-301F-11D3-BF4B-00C04F79EFBC}") = "014_Switch", "014_Switch\014_Switch.csproj", "{44874695-0586-4EB2-BEE4-9B7BA400B041}"
EndProject
Project("{FAE04EC0-301F-11D3-BF4B-00C04F79EFBC}") = "015_CoffeMaker", "015_CoffeMaker\015_CoffeMaker.csproj", "{463C8161-42B1-451D-AD2D-C6F0A041AF13}"
EndProject
Project("{2150E333-8FDC-42A3-9474-1A3956D46DE8}") = "Домашнее задание", "Домашнее задание", "{4645AF48-C6CC-496E-BF1F-3BC7D85A0839}"
EndProject
Project("{FAE04EC0-301F-11D3-BF4B-00C04F79EFBC}") = "004_Additional Task", "Additional Task\004_Additional Task.csproj", "{DB2CE983-2D9A-4054-8D30-919F8E06A035}"
EndProject
Project("{FAE04EC0-301F-11D3-BF4B-00C04F79EFBC}") = "004_Task1", "004_Task1\004_Task1.csproj", "{1F9A4116-C727-4EEC-9596-D20164054231}"
EndProject
Project("{FAE04EC0-301F-11D3-BF4B-00C04F79EFBC}") = "004_Task2", "004_Task2\004_Task2.csproj", "{884BA51B-9824-4152-9E08-6D6F7CB18B5F}"
EndProject
Project("{2150E333-8FDC-42A3-9474-1A3956D46DE8}") = "ВИДЕОУРОК №5. ЛОГИЧЕСКИЕ ОПЕРАЦИИ", "ВИДЕОУРОК №5. ЛОГИЧЕСКИЕ ОПЕРАЦИИ", "{8EE5304C-901E-42E9-9A8E-52F56CC7802E}"
EndProject
Project("{2150E333-8FDC-42A3-9474-1A3956D46DE8}") = "Примеры с полного урока", "Примеры с полного урока", "{49F8B1A9-ECF6-40C5-ACFF-62A14125FABE}"
EndProject
Project("{FAE04EC0-301F-11D3-BF4B-00C04F79EFBC}") = "001_Logic", "001_Logic\001_Logic.csproj", "{C7BB6DEA-B6B4-4886-B6F5-AC43CEF8DD3B}"
EndProject
Project("{FAE04EC0-301F-11D3-BF4B-00C04F79EFBC}") = "002_Port", "002_Port\002_Port.csproj", "{E2925041-AFC9-432B-96DC-FF1D1C282BDE}"
EndProject
Project("{FAE04EC0-301F-11D3-BF4B-00C04F79EFBC}") = "003_Cypher", "003_Cypher\003_Cypher.csproj", "{EBADAD66-B3EE-47FD-A3CC-D08D1B1418A0}"
EndProject
Project("{FAE04EC0-301F-11D3-BF4B-00C04F79EFBC}") = "004_Logic", "004_Logic\004_Logic.csproj", "{14566977-658B-4832-A379-798A6D99359C}"
EndProject
Project("{FAE04EC0-301F-11D3-BF4B-00C04F79EFBC}") = "005_Logic", "005_Logic\005_Logic.csproj", "{04E5A9BF-20DE-4BF2-9EEA-56801F82045D}"
EndProject
Project("{FAE04EC0-301F-11D3-BF4B-00C04F79EFBC}") = "006_Logic", "006_Logic\006_Logic.csproj", "{B5168DA2-553E-4B09-8C83-EAC3118D9876}"
EndProject
Project("{FAE04EC0-301F-11D3-BF4B-00C04F79EFBC}") = "008_ShortLogicComputing", "008_ShortLogicComputing\008_ShortLogicComputing.csproj", "{4E0E2D60-35DF-484B-B7F2-F67D6AD6E3E9}"
EndProject
Project("{FAE04EC0-301F-11D3-BF4B-00C04F79EFBC}") = "009_ShortLogicComputing", "009_ShortLogicComputing\009_ShortLogicComputing.csproj", "{ECDA57FD-011E-487E-9D69-BBC64E948F21}"
EndProject
Project("{FAE04EC0-301F-11D3-BF4B-00C04F79EFBC}") = "010_DeMorganTheorems", "010_DeMorganTheorems\010_DeMorganTheorems.csproj", "{E92EEAE5-36E1-451C-8DBB-87974DAEAAAF}"
EndProject
Project("{2150E333-8FDC-42A3-9474-1A3956D46DE8}") = "Домашнее задание", "Домашнее задание", "{9A67FFAF-823C-4218-A28A-1B58CBD5C357}"
EndProject
Project("{FAE04EC0-301F-11D3-BF4B-00C04F79EFBC}") = "5_Additional Task", "5_Additional Task\5_Additional Task.csproj", "{ADCC4FD5-C26D-49A0-ADFB-0925C1FCE527}"
EndProject
Project("{FAE04EC0-301F-11D3-BF4B-00C04F79EFBC}") = "5_2_Additional Task", "5_2_Additional Task\5_2_Additional Task.csproj", "{A0B186C7-0997-455E-BC65-2210DAC499C1}"
EndProject
Project("{FAE04EC0-301F-11D3-BF4B-00C04F79EFBC}") = "Task 1", "Task 1\Task 1.csproj", "{0B41834B-3F38-42E6-9B30-8E1DFA4F9549}"
EndProject
Project("{FAE04EC0-301F-11D3-BF4B-00C04F79EFBC}") = "Task 2", "Task 2\Task 2.csproj", "{C39AF0E8-7FA2-420B-9F8D-04AB5DB85F0D}"
EndProject
Project("{FAE04EC0-301F-11D3-BF4B-00C04F79EFBC}") = "Task 3", "Task 3\Task 3.csproj", "{1595F4E7-00A0-4FE9-ABEB-95A4DEF11D72}"
EndProject
Project("{2150E333-8FDC-42A3-9474-1A3956D46DE8}") = "ВИДЕОУРОК №6.ЦИКЛИЧЕСКИЕ КОНСТРУКЦИИ", "ВИДЕОУРОК №6.ЦИКЛИЧЕСКИЕ КОНСТРУКЦИИ", "{D29CE96B-FB5C-43A1-9E17-B7244873FF85}"
EndProject
Project("{2150E333-8FDC-42A3-9474-1A3956D46DE8}") = "Примеры с полного урока", "Примеры с полного урока", "{00130FE2-DBCC-4F0E-8CA1-3F0704943397}"
EndProject
Project("{FAE04EC0-301F-11D3-BF4B-00C04F79EFBC}") = "001_GoTo", "001_GoTo\001_GoTo.csproj", "{DFD2587D-DF74-4767-87EF-8975F791F696}"
EndProject
Project("{FAE04EC0-301F-11D3-BF4B-00C04F79EFBC}") = "002_GoTo", "002_GoTo\002_GoTo.csproj", "{305C7035-9DBA-4AD1-9EE3-B25A5DD5174C}"
EndProject
Project("{FAE04EC0-301F-11D3-BF4B-00C04F79EFBC}") = "003_GoTo", "003_GoTo\003_GoTo.csproj", "{C3A86AD5-22DC-4A5C-85BB-DCF3B0F96DEF}"
EndProject
Project("{FAE04EC0-301F-11D3-BF4B-00C04F79EFBC}") = "004_While", "004_While\004_While.csproj", "{CB869C2F-BA43-4B0C-9D1E-7DE1FDBA6D1F}"
EndProject
Project("{FAE04EC0-301F-11D3-BF4B-00C04F79EFBC}") = "005_While", "005_While\005_While.csproj", "{4CD6A314-9889-4DB5-B119-B9E84D950091}"
EndProject
Project("{FAE04EC0-301F-11D3-BF4B-00C04F79EFBC}") = "006_While", "006_While\006_While.csproj", "{37A3F0BF-3B18-46E8-826C-C2501E6183D5}"
EndProject
Project("{FAE04EC0-301F-11D3-BF4B-00C04F79EFBC}") = "007_GuessColor", "007_GuessColor\007_GuessColor.csproj", "{DB7D4618-289C-441C-B5F1-73B67D9F4F86}"
EndProject
Project("{FAE04EC0-301F-11D3-BF4B-00C04F79EFBC}") = "008_DoWhile", "008_DoWhile\008_DoWhile.csproj", "{802B52C8-A2E3-4551-96B5-A02B707D3FE4}"
EndProject
Project("{FAE04EC0-301F-11D3-BF4B-00C04F79EFBC}") = "009_DoWhile", "009_DoWhile\009_DoWhile.csproj", "{A821FF6F-8882-417E-B7FD-12CA43B3F834}"
EndProject
Project("{FAE04EC0-301F-11D3-BF4B-00C04F79EFBC}") = "010_DoWhile", "010_DoWhile\010_DoWhile.csproj", "{83B9CCB3-69BA-4FAF-A818-E7C6599E3008}"
EndProject
Project("{FAE04EC0-301F-11D3-BF4B-00C04F79EFBC}") = "011_Factorial", "011_Factorial\011_Factorial.csproj", "{EE54450E-A7E3-4CE2-8841-1D76BD32BFEE}"
EndProject
Project("{FAE04EC0-301F-11D3-BF4B-00C04F79EFBC}") = "012_For", "012_For\012_For.csproj", "{0481D24C-647B-4FCA-A9B0-5FBC8A83785C}"
EndProject
Project("{FAE04EC0-301F-11D3-BF4B-00C04F79EFBC}") = "013_For", "013_For\013_For.csproj", "{F34E464A-6C22-4F04-BFA3-56A9A1AB6B40}"
EndProject
Project("{FAE04EC0-301F-11D3-BF4B-00C04F79EFBC}") = "014_For", "014_For\014_For.csproj", "{F5D2A75C-7183-4120-BD29-5842B85EF087}"
EndProject
Project("{FAE04EC0-301F-11D3-BF4B-00C04F79EFBC}") = "015_ForInFor", "015_ForInFor\015_ForInFor.csproj", "{B59F06C2-2A96-469F-9511-49A5FEB4F85F}"
EndProject
Project("{FAE04EC0-301F-11D3-BF4B-00C04F79EFBC}") = "016_DijkstraLoop", "016_DijkstraLoop\016_DijkstraLoop.csproj", "{359D4281-A19E-4271-A69C-4E9A1A6CFA7A}"
EndProject
Project("{FAE04EC0-301F-11D3-BF4B-00C04F79EFBC}") = "017_SpiderLoop", "018_SpiderLoop\017_SpiderLoop.csproj", "{EDF0CDCB-A256-4383-8F9A-F68642C0A08C}"
EndProject
Project("{FAE04EC0-301F-11D3-BF4B-00C04F79EFBC}") = "018_SpiderLoopSimple", "018_SpiderLoopSimple\018_SpiderLoopSimple.csproj", "{0071467B-0321-4D38-A542-6EA61C5F2180}"
EndProject
Project("{FAE04EC0-301F-11D3-BF4B-00C04F79EFBC}") = "019_Loop", "019_Loop\019_Loop.csproj", "{1D5AB31D-7825-4057-9E0D-358AD8ADD95D}"
EndProject
Project("{2150E333-8FDC-42A3-9474-1A3956D46DE8}") = "HowTo", "HowTo", "{E3991298-F3E3-4312-BDA3-0B5F047721CC}"
EndProject
Project("{FAE04EC0-301F-11D3-BF4B-00C04F79EFBC}") = "Continue", "Continue\Continue.csproj", "{DAFE4569-7091-4448-A546-F5883D9A87AB}"
EndProject
Project("{FAE04EC0-301F-11D3-BF4B-00C04F79EFBC}") = "Break", "Break\Break.csproj", "{B882E31B-7BE6-4A99-A0D9-21A197B406E2}"
EndProject
Project("{2150E333-8FDC-42A3-9474-1A3956D46DE8}") = "Домашнее задание", "Домашнее задание", "{5AC94A06-DB93-45E4-88AA-BE67D73FBE90}"
EndProject
Project("{FAE04EC0-301F-11D3-BF4B-00C04F79EFBC}") = "006_Additional Task1", "006_Additional Task1\006_Additional Task1.csproj", "{F68AB4C0-1C9B-49C4-8658-87871C267A2C}"
EndProject
Project("{FAE04EC0-301F-11D3-BF4B-00C04F79EFBC}") = "006_Task1", "006_Task1\006_Task1.csproj", "{8A2552A2-E687-4E5F-AAD4-70018983C23F}"
EndProject
Project("{FAE04EC0-301F-11D3-BF4B-00C04F79EFBC}") = "006_Task2", "06_Task2\006_Task2.csproj", "{BF1C43A7-8200-469C-B9D8-326BE4B2FAB2}"
EndProject
Project("{FAE04EC0-301F-11D3-BF4B-00C04F79EFBC}") = "006_Task3", "006_Task3\006_Task3.csproj", "{06F38A6E-0AB4-4EF3-8325-62ADB3B2BCFC}"
EndProject
Project("{2150E333-8FDC-42A3-9474-1A3956D46DE8}") = "ВИДЕОУРОК №7. МЕТОДЫ", "ВИДЕОУРОК №7. МЕТОДЫ", "{2EBFD647-1E80-406F-ABEA-FA897AFE5A23}"
EndProject
Project("{2150E333-8FDC-42A3-9474-1A3956D46DE8}") = "Примеры с полного урока", "Примеры с полного урока", "{7230E88C-0C0E-4ED4-9930-F456647BF55D}"
EndProject
Project("{FAE04EC0-301F-11D3-BF4B-00C04F79EFBC}") = "001_Methods", "001_Methods\001_Methods.csproj", "{3DB376E5-3561-471D-AC7B-5CB09EAF9498}"
EndProject
Project("{FAE04EC0-301F-11D3-BF4B-00C04F79EFBC}") = "002_Methods", "002_Methods\002_Methods.csproj", "{FC6145F5-BA63-4F11-8815-4DA96EB7A4F4}"
EndProject
Project("{FAE04EC0-301F-11D3-BF4B-00C04F79EFBC}") = "003_Method", "003_Method\003_Method.csproj", "{8CC147C1-0373-497C-9F7A-1BDCE63613FA}"
EndProject
Project("{FAE04EC0-301F-11D3-BF4B-00C04F79EFBC}") = "004_Methods", "004_Methods\004_Methods.csproj", "{3A8DA4FF-603F-4380-8002-037301569CD9}"
EndProject
Project("{FAE04EC0-301F-11D3-BF4B-00C04F79EFBC}") = "005_Methods", "005_Methods\005_Methods.csproj", "{72F6195F-BA18-4D91-872E-17839372EDB8}"
EndProject
Project("{FAE04EC0-301F-11D3-BF4B-00C04F79EFBC}") = "006_Methods", "006_Methods\006_Methods.csproj", "{C170F048-D2B1-4846-97BE-849CCC27DC73}"
EndProject
Project("{FAE04EC0-301F-11D3-BF4B-00C04F79EFBC}") = "007_Methods", "007_Methods\007_Methods.csproj", "{E229BDE4-24E3-49AA-BC4F-F5D67C30EB9A}"
EndProject
Project("{FAE04EC0-301F-11D3-BF4B-00C04F79EFBC}") = "008_Methods", "008_Methods\008_Methods.csproj", "{B6D6F09D-DC0E-4E27-B23D-DF6608F7366E}"
EndProject
Project("{FAE04EC0-301F-11D3-BF4B-00C04F79EFBC}") = "009_Methods", "009_Methods\009_Methods.csproj", "{B8325561-1257-4232-B0E4-59FF855A6C38}"
EndProject
Project("{FAE04EC0-301F-11D3-BF4B-00C04F79EFBC}") = "010_Methods", "010_Methods\010_Methods.csproj", "{DC474F81-9BC6-4B26-AFA3-BE08C1696D60}"
EndProject
Project("{FAE04EC0-301F-11D3-BF4B-00C04F79EFBC}") = "011_Methods", "011_Methods\011_Methods.csproj", "{7BA6A195-03FF-4A28-8411-E47966CC1FD2}"
EndProject
Project("{FAE04EC0-301F-11D3-BF4B-00C04F79EFBC}") = "012_Methods", "012_Methods\012_Methods.csproj", "{B0C2CC0E-C893-4A23-92F8-5200E3F2D0C0}"
EndProject
Project("{FAE04EC0-301F-11D3-BF4B-00C04F79EFBC}") = "013_Methods", "013_Methods\013_Methods.csproj", "{4BFE7280-C698-4404-B672-7331AF925DCB}"
EndProject
Project("{FAE04EC0-301F-11D3-BF4B-00C04F79EFBC}") = "014_Methods", "014_Methods\014_Methods.csproj", "{AFAD0875-E163-4FD8-A0D7-19614353949C}"
EndProject
Project("{FAE04EC0-301F-11D3-BF4B-00C04F79EFBC}") = "015_Methods", "015_Methods\015_Methods.csproj", "{34AF3A1A-3EA3-4F72-AA5C-308AB39D1A14}"
EndProject
Project("{FAE04EC0-301F-11D3-BF4B-00C04F79EFBC}") = "016_Experiment", "016_Experiment\016_Experiment.csproj", "{F522383B-29D0-49DF-941F-38EBFF8F8A60}"
EndProject
Project("{2150E333-8FDC-42A3-9474-1A3956D46DE8}") = "HowTo", "HowTo", "{AC9AA16A-DB24-4057-8948-263378E6BFC1}"
EndProject
Project("{FAE04EC0-301F-11D3-BF4B-00C04F79EFBC}") = "Return", "Return\Return.csproj", "{EC16F19B-E58C-40B2-A5BF-864909E15493}"
EndProject
Project("{2150E333-8FDC-42A3-9474-1A3956D46DE8}") = "Домашнее задание", "Домашнее задание", "{D42A94AF-A66E-4C7C-B3D0-63FC7127DD0E}"
EndProject
Project("{FAE04EC0-301F-11D3-BF4B-00C04F79EFBC}") = "007_AdditionalTask", "007_AdditionalTask\007_AdditionalTask.csproj", "{6134657E-ABE6-4F93-AA44-CC4A325E3EAF}"
EndProject
Project("{FAE04EC0-301F-11D3-BF4B-00C04F79EFBC}") = "007_Task1", "007_Task1\007_Task1.csproj", "{B6D0B39D-BE51-4C75-9292-F5F4F760EAD9}"
EndProject
Project("{FAE04EC0-301F-11D3-BF4B-00C04F79EFBC}") = "007_Task2", "007_Task2\007_Task2.csproj", "{4F377143-6E70-489E-958C-07CD5562EAE1}"
EndProject
Project("{FAE04EC0-301F-11D3-BF4B-00C04F79EFBC}") = "007_Task3", "007_Task3\007_Task3.csproj", "{0B864422-3073-45C7-B5B8-5DE26FAF760E}"
EndProject
Project("{2150E333-8FDC-42A3-9474-1A3956D46DE8}") = "ВИДЕОУРОК №8. МЕТОДЫ. РЕКУРСИЯ", "ВИДЕОУРОК №8. МЕТОДЫ. РЕКУРСИЯ", "{D81D7E59-9C38-436C-A577-D5F09A6309EC}"
EndProject
Project("{2150E333-8FDC-42A3-9474-1A3956D46DE8}") = "Примеры с полного урока", "Примеры с полного урока", "{F964D3AA-B54F-4262-8713-FC557C7C6686}"
EndProject
Project("{FAE04EC0-301F-11D3-BF4B-00C04F79EFBC}") = "001_Methods1", "001_Methods1\001_Methods1.csproj", "{50325D5D-6281-4948-8E3C-5E25CA72C11B}"
EndProject
Project("{FAE04EC0-301F-11D3-BF4B-00C04F79EFBC}") = "002_Methods1", "002_Methods1\002_Methods1.csproj", "{39730DCD-8C4C-48D1-ADD4-1401E102417C}"
EndProject
Project("{FAE04EC0-301F-11D3-BF4B-00C04F79EFBC}") = "003_Methods1", "003_Methods1\003_Methods1.csproj", "{E3794CEE-11FA-4FDF-B350-144F362E9FA4}"
EndProject
Project("{FAE04EC0-301F-11D3-BF4B-00C04F79EFBC}") = "004_Method1", "004_Method1\004_Method1.csproj", "{252D8E79-66A0-409E-AD04-CADF899F4A47}"
EndProject
Project("{FAE04EC0-301F-11D3-BF4B-00C04F79EFBC}") = "005_Method1", "005_Method1\005_Method1.csproj", "{5DAC05BF-0D77-4C04-B41B-F4C8122D01F8}"
EndProject
Project("{FAE04EC0-301F-11D3-BF4B-00C04F79EFBC}") = "006_Methods1", "006_Methods1\006_Methods1.csproj", "{2510DB45-6045-4A52-8D59-E8B35DCB8E75}"
EndProject
Project("{FAE04EC0-301F-11D3-BF4B-00C04F79EFBC}") = "007_Method1", "007_Method1\007_Method1.csproj", "{9C30B8B1-40BD-4F50-A614-9000779CF240}"
EndProject
Project("{FAE04EC0-301F-11D3-BF4B-00C04F79EFBC}") = "008_Method1", "008_Method1\008_Method1.csproj", "{7C6CEDD5-E8F3-4B68-8AEA-F671D5F84A7F}"
EndProject
Project("{FAE04EC0-301F-11D3-BF4B-00C04F79EFBC}") = "009_Methods01", "009_Methods01\009_Methods01.csproj", "{48C148F9-7B62-41C5-9C3A-BB2EEB415A5F}"
EndProject
Project("{FAE04EC0-301F-11D3-BF4B-00C04F79EFBC}") = "010_Recursion", "010_Recursion\010_Recursion.csproj", "{E78D35F8-D6CE-4565-B190-F536959D952F}"
EndProject
Project("{FAE04EC0-301F-11D3-BF4B-00C04F79EFBC}") = "011_MethodsRecFact", "011_MethodsRecFact\011_MethodsRecFact.csproj", "{8621762F-FD79-4288-9587-40A1EB53B55F}"
EndProject
Project("{2150E333-8FDC-42A3-9474-1A3956D46DE8}") = "HowTo", "HowTo", "{E1B9B533-AFCC-48F2-9AA0-D79D88435AA9}"
EndProject
Project("{FAE04EC0-301F-11D3-BF4B-00C04F79EFBC}") = "optional", "optional\optional.csproj", "{CAD9E384-ECD5-47DA-ACF7-9D25BB66BDAE}"
EndProject
Project("{FAE04EC0-301F-11D3-BF4B-00C04F79EFBC}") = "Recursion", "Recursion\Recursion.csproj", "{425C93FA-8B0E-4499-BE5E-5A733BBEB4E2}"
EndProject
Project("{2150E333-8FDC-42A3-9474-1A3956D46DE8}") = "Домашнее задание", "Домашнее задание", "{1355BD33-BE16-490A-98ED-7777D5B836AC}"
EndProject
Project("{FAE04EC0-301F-11D3-BF4B-00C04F79EFBC}") = "08_AdditionalTask", "08_AdditionalTask\08_AdditionalTask.csproj", "{A2DD57FF-AEB0-41AC-AC11-CA5B14D50242}"
EndProject
Project("{FAE04EC0-301F-11D3-BF4B-00C04F79EFBC}") = "08_AdditionalTask_2", "08_AdditionalTask_2\08_AdditionalTask_2.csproj", "{E86CD326-204D-4819-AF1B-2D4EBCD7B994}"
EndProject
Project("{FAE04EC0-301F-11D3-BF4B-00C04F79EFBC}") = "008_Task1", "008_Task1\008_Task1.csproj", "{25215F0D-6AC0-436E-B235-6C55F8745354}"
EndProject
Project("{FAE04EC0-301F-11D3-BF4B-00C04F79EFBC}") = "08_Task2", "08_Task2\08_Task2.csproj", "{7CD4B756-0213-494F-AE54-8F7754CFE53A}"
EndProject
Project("{FAE04EC0-301F-11D3-BF4B-00C04F79EFBC}") = "WindowsFormsApp1", "WindowsFormsApp1\WindowsFormsApp1.csproj", "{ECA6B4C6-8DAC-45CA-95FD-3F439085C3AB}"
EndProject
Project("{2150E333-8FDC-42A3-9474-1A3956D46DE8}") = "ВИДЕОУРОК №9. МАССИВЫ", "ВИДЕОУРОК №9. МАССИВЫ", "{E0C23C2F-4254-454A-B93C-0C041297796D}"
EndProject
Project("{2150E333-8FDC-42A3-9474-1A3956D46DE8}") = "Примеры с полного урока", "Примеры с полного урока", "{17D78464-3283-4720-AC14-A79F4DE46EE5}"
EndProject
Project("{FAE04EC0-301F-11D3-BF4B-00C04F79EFBC}") = "001_Arrays", "001_Arrays\001_Arrays.csproj", "{718DB538-D52D-4CCB-9E5E-9DC75091E7BB}"
EndProject
Project("{FAE04EC0-301F-11D3-BF4B-00C04F79EFBC}") = "002_Array", "002_Array\002_Array.csproj", "{6E1F6ADD-54A2-4D96-9ED4-31F382D6EB07}"
EndProject
Project("{FAE04EC0-301F-11D3-BF4B-00C04F79EFBC}") = "003_Array", "003_Array\003_Array.csproj", "{56691F63-5166-425E-8045-F723F34FB2AC}"
EndProject
Project("{FAE04EC0-301F-11D3-BF4B-00C04F79EFBC}") = "004_Array", "004_Array\004_Array.csproj", "{EE495C7D-EDAE-4C04-A0E3-F0F9A551E055}"
EndProject
Project("{FAE04EC0-301F-11D3-BF4B-00C04F79EFBC}") = "005_Array", "005_Array\005_Array.csproj", "{3DB25F19-7A4F-4BBA-8067-5A0D8E7F7B3C}"
EndProject
Project("{FAE04EC0-301F-11D3-BF4B-00C04F79EFBC}") = "006_Array", "006_Array\006_Array.csproj", "{AAC9FB4E-CED2-4C47-885E-AD3AAA01E45C}"
EndProject
Project("{FAE04EC0-301F-11D3-BF4B-00C04F79EFBC}") = "007_TwoDimensional", "007_TwoDimensional\007_TwoDimensional.csproj", "{AFC17652-FED3-4950-98C1-F4181658B484}"
EndProject
Project("{FAE04EC0-301F-11D3-BF4B-00C04F79EFBC}") = "008_TwoDimensional", "008_TwoDimensional\008_TwoDimensional.csproj", "{8D3FA89A-54EF-4F91-B3BD-05755761D2F5}"
EndProject
Project("{FAE04EC0-301F-11D3-BF4B-00C04F79EFBC}") = "009_TwoDimensional", "009_TwoDimensional\009_TwoDimensional.csproj", "{61C3F4A1-BF88-4638-B554-BDABD43A0916}"
EndProject
Project("{FAE04EC0-301F-11D3-BF4B-00C04F79EFBC}") = "010_OneElement", "010_OneElement\010_OneElement.csproj", "{9AB24EBB-C65E-4E6F-BC10-40AE31F03547}"
EndProject
Project("{FAE04EC0-301F-11D3-BF4B-00C04F79EFBC}") = "011_ThreeDimensional", "011_ThreeDimensional\011_ThreeDimensional.csproj", "{8D19177E-A72C-465B-89BE-258B71BA61E8}"
EndProject
Project("{FAE04EC0-301F-11D3-BF4B-00C04F79EFBC}") = "012_ThreeDimensional", "012_ThreeDimensional\012_ThreeDimensional.csproj", "{2E5385D3-1C98-4061-9D95-65AD5106D26D}"
EndProject
Project("{FAE04EC0-301F-11D3-BF4B-00C04F79EFBC}") = "013_FourDimensional", "013_FourDimensional\013_FourDimensional.csproj", "{4B6F31D6-758D-4AF8-A7D4-174DD2F223AA}"
EndProject
Project("{FAE04EC0-301F-11D3-BF4B-00C04F79EFBC}") = "014_FourDimensional", "014_FourDimensional\014_FourDimensional.csproj", "{EA9E5658-9FD1-4B14-8B48-BAE203981DFF}"
EndProject
Project("{FAE04EC0-301F-11D3-BF4B-00C04F79EFBC}") = "015_Jagged", "015_Jagged\015_Jagged.csproj", "{3F28D683-0839-4BA6-9144-A43421C48F17}"
EndProject
Project("{FAE04EC0-301F-11D3-BF4B-00C04F79EFBC}") = "016_Jagged", "016_Jagged\016_Jagged.csproj", "{A6686959-3E57-4068-A86B-D0B0D8B15C3C}"
EndProject
Project("{FAE04EC0-301F-11D3-BF4B-00C04F79EFBC}") = "017_MethodWithArray", "017_MethodWithArrey\017_MethodWithArray.csproj", "{3FF242F5-0A16-4532-A5B0-EAAA4AFEDD4D}"
EndProject
Project("{FAE04EC0-301F-11D3-BF4B-00C04F79EFBC}") = "018_Params", "018_Params\018_Params.csproj", "{16070265-1C58-42DC-9B22-FACAF7884A2F}"
EndProject
Project("{FAE04EC0-301F-11D3-BF4B-00C04F79EFBC}") = "019_Params", "019_Params\019_Params.csproj", "{B9B754F6-D627-4A53-B503-F6DC2A61FCB9}"
EndProject
Global
	GlobalSection(SolutionConfigurationPlatforms) = preSolution
		Debug|Any CPU = Debug|Any CPU
		Release|Any CPU = Release|Any CPU
	EndGlobalSection
	GlobalSection(ProjectConfigurationPlatforms) = postSolution
		{ADB68953-094B-455F-B0EF-460BA06BE338}.Debug|Any CPU.ActiveCfg = Debug|Any CPU
		{ADB68953-094B-455F-B0EF-460BA06BE338}.Debug|Any CPU.Build.0 = Debug|Any CPU
		{ADB68953-094B-455F-B0EF-460BA06BE338}.Release|Any CPU.ActiveCfg = Release|Any CPU
		{ADB68953-094B-455F-B0EF-460BA06BE338}.Release|Any CPU.Build.0 = Release|Any CPU
		{43B196CB-ED9F-4109-95F2-7D0C9E912D5F}.Debug|Any CPU.ActiveCfg = Debug|Any CPU
		{43B196CB-ED9F-4109-95F2-7D0C9E912D5F}.Debug|Any CPU.Build.0 = Debug|Any CPU
		{43B196CB-ED9F-4109-95F2-7D0C9E912D5F}.Release|Any CPU.ActiveCfg = Release|Any CPU
		{43B196CB-ED9F-4109-95F2-7D0C9E912D5F}.Release|Any CPU.Build.0 = Release|Any CPU
		{FCA29303-072A-4D1D-9C91-07C5F4346DC0}.Debug|Any CPU.ActiveCfg = Debug|Any CPU
		{FCA29303-072A-4D1D-9C91-07C5F4346DC0}.Debug|Any CPU.Build.0 = Debug|Any CPU
		{FCA29303-072A-4D1D-9C91-07C5F4346DC0}.Release|Any CPU.ActiveCfg = Release|Any CPU
		{FCA29303-072A-4D1D-9C91-07C5F4346DC0}.Release|Any CPU.Build.0 = Release|Any CPU
		{12600F94-E6E0-48A8-81FE-60AB1E95AD47}.Debug|Any CPU.ActiveCfg = Debug|Any CPU
		{12600F94-E6E0-48A8-81FE-60AB1E95AD47}.Debug|Any CPU.Build.0 = Debug|Any CPU
		{12600F94-E6E0-48A8-81FE-60AB1E95AD47}.Release|Any CPU.ActiveCfg = Release|Any CPU
		{12600F94-E6E0-48A8-81FE-60AB1E95AD47}.Release|Any CPU.Build.0 = Release|Any CPU
		{4EBC24F4-5F0E-410F-B484-9B683F820B38}.Debug|Any CPU.ActiveCfg = Debug|Any CPU
		{4EBC24F4-5F0E-410F-B484-9B683F820B38}.Debug|Any CPU.Build.0 = Debug|Any CPU
		{4EBC24F4-5F0E-410F-B484-9B683F820B38}.Release|Any CPU.ActiveCfg = Release|Any CPU
		{4EBC24F4-5F0E-410F-B484-9B683F820B38}.Release|Any CPU.Build.0 = Release|Any CPU
		{EE772389-12AE-420D-8453-8AAC5DFEBD6E}.Debug|Any CPU.ActiveCfg = Debug|Any CPU
		{EE772389-12AE-420D-8453-8AAC5DFEBD6E}.Debug|Any CPU.Build.0 = Debug|Any CPU
		{EE772389-12AE-420D-8453-8AAC5DFEBD6E}.Release|Any CPU.ActiveCfg = Release|Any CPU
		{EE772389-12AE-420D-8453-8AAC5DFEBD6E}.Release|Any CPU.Build.0 = Release|Any CPU
		{9B776D30-C206-48CF-9E63-57C321874CA4}.Debug|Any CPU.ActiveCfg = Debug|Any CPU
		{9B776D30-C206-48CF-9E63-57C321874CA4}.Debug|Any CPU.Build.0 = Debug|Any CPU
		{9B776D30-C206-48CF-9E63-57C321874CA4}.Release|Any CPU.ActiveCfg = Release|Any CPU
		{9B776D30-C206-48CF-9E63-57C321874CA4}.Release|Any CPU.Build.0 = Release|Any CPU
		{8AB1883E-FB71-4445-B7F8-9DC8F9C580FA}.Debug|Any CPU.ActiveCfg = Debug|Any CPU
		{8AB1883E-FB71-4445-B7F8-9DC8F9C580FA}.Debug|Any CPU.Build.0 = Debug|Any CPU
		{8AB1883E-FB71-4445-B7F8-9DC8F9C580FA}.Release|Any CPU.ActiveCfg = Release|Any CPU
		{8AB1883E-FB71-4445-B7F8-9DC8F9C580FA}.Release|Any CPU.Build.0 = Release|Any CPU
		{E3CC9702-C515-4B6C-B6B3-018322094036}.Debug|Any CPU.ActiveCfg = Debug|Any CPU
		{E3CC9702-C515-4B6C-B6B3-018322094036}.Debug|Any CPU.Build.0 = Debug|Any CPU
		{E3CC9702-C515-4B6C-B6B3-018322094036}.Release|Any CPU.ActiveCfg = Release|Any CPU
		{E3CC9702-C515-4B6C-B6B3-018322094036}.Release|Any CPU.Build.0 = Release|Any CPU
		{E5C6D6A3-BF35-4064-BD7D-1FDFF7F753D3}.Debug|Any CPU.ActiveCfg = Debug|Any CPU
		{E5C6D6A3-BF35-4064-BD7D-1FDFF7F753D3}.Debug|Any CPU.Build.0 = Debug|Any CPU
		{E5C6D6A3-BF35-4064-BD7D-1FDFF7F753D3}.Release|Any CPU.ActiveCfg = Release|Any CPU
		{E5C6D6A3-BF35-4064-BD7D-1FDFF7F753D3}.Release|Any CPU.Build.0 = Release|Any CPU
		{31225EB6-756A-4AF8-A5F8-6F58DE0110C5}.Debug|Any CPU.ActiveCfg = Debug|Any CPU
		{31225EB6-756A-4AF8-A5F8-6F58DE0110C5}.Debug|Any CPU.Build.0 = Debug|Any CPU
		{31225EB6-756A-4AF8-A5F8-6F58DE0110C5}.Release|Any CPU.ActiveCfg = Release|Any CPU
		{31225EB6-756A-4AF8-A5F8-6F58DE0110C5}.Release|Any CPU.Build.0 = Release|Any CPU
		{B4002FA8-EBE7-4380-BB3D-CD1B0DA6406D}.Debug|Any CPU.ActiveCfg = Debug|Any CPU
		{B4002FA8-EBE7-4380-BB3D-CD1B0DA6406D}.Debug|Any CPU.Build.0 = Debug|Any CPU
		{B4002FA8-EBE7-4380-BB3D-CD1B0DA6406D}.Release|Any CPU.ActiveCfg = Release|Any CPU
		{B4002FA8-EBE7-4380-BB3D-CD1B0DA6406D}.Release|Any CPU.Build.0 = Release|Any CPU
		{FC97006C-78CA-4053-B1B5-8980E9B05896}.Debug|Any CPU.ActiveCfg = Debug|Any CPU
		{FC97006C-78CA-4053-B1B5-8980E9B05896}.Debug|Any CPU.Build.0 = Debug|Any CPU
		{FC97006C-78CA-4053-B1B5-8980E9B05896}.Release|Any CPU.ActiveCfg = Release|Any CPU
		{FC97006C-78CA-4053-B1B5-8980E9B05896}.Release|Any CPU.Build.0 = Release|Any CPU
		{A1DBD4DE-FCF1-4676-AEFC-777C5E4D6345}.Debug|Any CPU.ActiveCfg = Debug|Any CPU
		{A1DBD4DE-FCF1-4676-AEFC-777C5E4D6345}.Debug|Any CPU.Build.0 = Debug|Any CPU
		{A1DBD4DE-FCF1-4676-AEFC-777C5E4D6345}.Release|Any CPU.ActiveCfg = Release|Any CPU
		{A1DBD4DE-FCF1-4676-AEFC-777C5E4D6345}.Release|Any CPU.Build.0 = Release|Any CPU
		{8E3AC864-1C7F-4543-93A4-27141559A23A}.Debug|Any CPU.ActiveCfg = Debug|Any CPU
		{8E3AC864-1C7F-4543-93A4-27141559A23A}.Debug|Any CPU.Build.0 = Debug|Any CPU
		{8E3AC864-1C7F-4543-93A4-27141559A23A}.Release|Any CPU.ActiveCfg = Release|Any CPU
		{8E3AC864-1C7F-4543-93A4-27141559A23A}.Release|Any CPU.Build.0 = Release|Any CPU
		{1BCC9FF6-044E-4506-992F-AC75453806AE}.Debug|Any CPU.ActiveCfg = Debug|Any CPU
		{1BCC9FF6-044E-4506-992F-AC75453806AE}.Debug|Any CPU.Build.0 = Debug|Any CPU
		{1BCC9FF6-044E-4506-992F-AC75453806AE}.Release|Any CPU.ActiveCfg = Release|Any CPU
		{1BCC9FF6-044E-4506-992F-AC75453806AE}.Release|Any CPU.Build.0 = Release|Any CPU
		{4A19D51E-20D2-45E6-BEFC-E1DC15106F63}.Debug|Any CPU.ActiveCfg = Debug|Any CPU
		{4A19D51E-20D2-45E6-BEFC-E1DC15106F63}.Debug|Any CPU.Build.0 = Debug|Any CPU
		{4A19D51E-20D2-45E6-BEFC-E1DC15106F63}.Release|Any CPU.ActiveCfg = Release|Any CPU
		{4A19D51E-20D2-45E6-BEFC-E1DC15106F63}.Release|Any CPU.Build.0 = Release|Any CPU
		{8E44A769-06A6-4689-B80E-9A33007CAF59}.Debug|Any CPU.ActiveCfg = Debug|Any CPU
		{8E44A769-06A6-4689-B80E-9A33007CAF59}.Debug|Any CPU.Build.0 = Debug|Any CPU
		{8E44A769-06A6-4689-B80E-9A33007CAF59}.Release|Any CPU.ActiveCfg = Release|Any CPU
		{8E44A769-06A6-4689-B80E-9A33007CAF59}.Release|Any CPU.Build.0 = Release|Any CPU
		{2612F161-EFBF-4742-AE4F-5C4222C46560}.Debug|Any CPU.ActiveCfg = Debug|Any CPU
		{2612F161-EFBF-4742-AE4F-5C4222C46560}.Debug|Any CPU.Build.0 = Debug|Any CPU
		{2612F161-EFBF-4742-AE4F-5C4222C46560}.Release|Any CPU.ActiveCfg = Release|Any CPU
		{2612F161-EFBF-4742-AE4F-5C4222C46560}.Release|Any CPU.Build.0 = Release|Any CPU
		{DA8C7CC9-D74E-4C10-B635-69BBDBC3A0E5}.Debug|Any CPU.ActiveCfg = Debug|Any CPU
		{DA8C7CC9-D74E-4C10-B635-69BBDBC3A0E5}.Debug|Any CPU.Build.0 = Debug|Any CPU
		{DA8C7CC9-D74E-4C10-B635-69BBDBC3A0E5}.Release|Any CPU.ActiveCfg = Release|Any CPU
		{DA8C7CC9-D74E-4C10-B635-69BBDBC3A0E5}.Release|Any CPU.Build.0 = Release|Any CPU
		{4169FF1C-2A44-4DD5-86E9-DD3C5159575C}.Debug|Any CPU.ActiveCfg = Debug|Any CPU
		{4169FF1C-2A44-4DD5-86E9-DD3C5159575C}.Debug|Any CPU.Build.0 = Debug|Any CPU
		{4169FF1C-2A44-4DD5-86E9-DD3C5159575C}.Release|Any CPU.ActiveCfg = Release|Any CPU
		{4169FF1C-2A44-4DD5-86E9-DD3C5159575C}.Release|Any CPU.Build.0 = Release|Any CPU
		{F6DE3D25-413C-4442-84B3-CDA16105B280}.Debug|Any CPU.ActiveCfg = Debug|Any CPU
		{F6DE3D25-413C-4442-84B3-CDA16105B280}.Debug|Any CPU.Build.0 = Debug|Any CPU
		{F6DE3D25-413C-4442-84B3-CDA16105B280}.Release|Any CPU.ActiveCfg = Release|Any CPU
		{F6DE3D25-413C-4442-84B3-CDA16105B280}.Release|Any CPU.Build.0 = Release|Any CPU
		{5E95C0E4-3F68-4E92-80A8-80A26062A0B8}.Debug|Any CPU.ActiveCfg = Debug|Any CPU
		{5E95C0E4-3F68-4E92-80A8-80A26062A0B8}.Debug|Any CPU.Build.0 = Debug|Any CPU
		{5E95C0E4-3F68-4E92-80A8-80A26062A0B8}.Release|Any CPU.ActiveCfg = Release|Any CPU
		{5E95C0E4-3F68-4E92-80A8-80A26062A0B8}.Release|Any CPU.Build.0 = Release|Any CPU
		{2EFFB73C-361B-464B-BDED-ECCDF04D8EA0}.Debug|Any CPU.ActiveCfg = Debug|Any CPU
		{2EFFB73C-361B-464B-BDED-ECCDF04D8EA0}.Debug|Any CPU.Build.0 = Debug|Any CPU
		{2EFFB73C-361B-464B-BDED-ECCDF04D8EA0}.Release|Any CPU.ActiveCfg = Release|Any CPU
		{2EFFB73C-361B-464B-BDED-ECCDF04D8EA0}.Release|Any CPU.Build.0 = Release|Any CPU
		{6A43FBDA-62B5-4CA1-9107-BFB1EB9B61AD}.Debug|Any CPU.ActiveCfg = Debug|Any CPU
		{6A43FBDA-62B5-4CA1-9107-BFB1EB9B61AD}.Debug|Any CPU.Build.0 = Debug|Any CPU
		{6A43FBDA-62B5-4CA1-9107-BFB1EB9B61AD}.Release|Any CPU.ActiveCfg = Release|Any CPU
		{6A43FBDA-62B5-4CA1-9107-BFB1EB9B61AD}.Release|Any CPU.Build.0 = Release|Any CPU
		{78BAD043-9F31-4093-8888-701BA405E049}.Debug|Any CPU.ActiveCfg = Debug|Any CPU
		{78BAD043-9F31-4093-8888-701BA405E049}.Debug|Any CPU.Build.0 = Debug|Any CPU
		{78BAD043-9F31-4093-8888-701BA405E049}.Release|Any CPU.ActiveCfg = Release|Any CPU
		{78BAD043-9F31-4093-8888-701BA405E049}.Release|Any CPU.Build.0 = Release|Any CPU
		{E387BECE-5A11-4BE5-B679-37F2BE54A9ED}.Debug|Any CPU.ActiveCfg = Debug|Any CPU
		{E387BECE-5A11-4BE5-B679-37F2BE54A9ED}.Debug|Any CPU.Build.0 = Debug|Any CPU
		{E387BECE-5A11-4BE5-B679-37F2BE54A9ED}.Release|Any CPU.ActiveCfg = Release|Any CPU
		{E387BECE-5A11-4BE5-B679-37F2BE54A9ED}.Release|Any CPU.Build.0 = Release|Any CPU
		{F60B7F79-EA60-4870-8F84-631E09FC528A}.Debug|Any CPU.ActiveCfg = Debug|Any CPU
		{F60B7F79-EA60-4870-8F84-631E09FC528A}.Debug|Any CPU.Build.0 = Debug|Any CPU
		{F60B7F79-EA60-4870-8F84-631E09FC528A}.Release|Any CPU.ActiveCfg = Release|Any CPU
		{F60B7F79-EA60-4870-8F84-631E09FC528A}.Release|Any CPU.Build.0 = Release|Any CPU
		{4E9B8417-6604-4B47-B1BB-16A6B868946A}.Debug|Any CPU.ActiveCfg = Debug|Any CPU
		{4E9B8417-6604-4B47-B1BB-16A6B868946A}.Debug|Any CPU.Build.0 = Debug|Any CPU
		{4E9B8417-6604-4B47-B1BB-16A6B868946A}.Release|Any CPU.ActiveCfg = Release|Any CPU
		{4E9B8417-6604-4B47-B1BB-16A6B868946A}.Release|Any CPU.Build.0 = Release|Any CPU
		{92BFBA53-D8E5-4BBE-920D-01BADE0E4DF5}.Debug|Any CPU.ActiveCfg = Debug|Any CPU
		{92BFBA53-D8E5-4BBE-920D-01BADE0E4DF5}.Debug|Any CPU.Build.0 = Debug|Any CPU
		{92BFBA53-D8E5-4BBE-920D-01BADE0E4DF5}.Release|Any CPU.ActiveCfg = Release|Any CPU
		{92BFBA53-D8E5-4BBE-920D-01BADE0E4DF5}.Release|Any CPU.Build.0 = Release|Any CPU
		{B26B011A-D748-45E6-85FA-C8FB74452D5B}.Debug|Any CPU.ActiveCfg = Debug|Any CPU
		{B26B011A-D748-45E6-85FA-C8FB74452D5B}.Debug|Any CPU.Build.0 = Debug|Any CPU
		{B26B011A-D748-45E6-85FA-C8FB74452D5B}.Release|Any CPU.ActiveCfg = Release|Any CPU
		{B26B011A-D748-45E6-85FA-C8FB74452D5B}.Release|Any CPU.Build.0 = Release|Any CPU
		{89C373A0-5357-4420-AF7F-5CB4831FF387}.Debug|Any CPU.ActiveCfg = Debug|Any CPU
		{89C373A0-5357-4420-AF7F-5CB4831FF387}.Debug|Any CPU.Build.0 = Debug|Any CPU
		{89C373A0-5357-4420-AF7F-5CB4831FF387}.Release|Any CPU.ActiveCfg = Release|Any CPU
		{89C373A0-5357-4420-AF7F-5CB4831FF387}.Release|Any CPU.Build.0 = Release|Any CPU
		{2EC47FFE-4E2B-4C2D-A5AE-8B3CEC96E79E}.Debug|Any CPU.ActiveCfg = Debug|Any CPU
		{2EC47FFE-4E2B-4C2D-A5AE-8B3CEC96E79E}.Debug|Any CPU.Build.0 = Debug|Any CPU
		{2EC47FFE-4E2B-4C2D-A5AE-8B3CEC96E79E}.Release|Any CPU.ActiveCfg = Release|Any CPU
		{2EC47FFE-4E2B-4C2D-A5AE-8B3CEC96E79E}.Release|Any CPU.Build.0 = Release|Any CPU
		{00BD788D-3F86-4882-8418-41FAE6D93F2D}.Debug|Any CPU.ActiveCfg = Debug|Any CPU
		{00BD788D-3F86-4882-8418-41FAE6D93F2D}.Debug|Any CPU.Build.0 = Debug|Any CPU
		{00BD788D-3F86-4882-8418-41FAE6D93F2D}.Release|Any CPU.ActiveCfg = Release|Any CPU
		{00BD788D-3F86-4882-8418-41FAE6D93F2D}.Release|Any CPU.Build.0 = Release|Any CPU
		{7E2C4C40-BC8F-4D1F-91D5-A9D961BA89C5}.Debug|Any CPU.ActiveCfg = Debug|Any CPU
		{7E2C4C40-BC8F-4D1F-91D5-A9D961BA89C5}.Debug|Any CPU.Build.0 = Debug|Any CPU
		{7E2C4C40-BC8F-4D1F-91D5-A9D961BA89C5}.Release|Any CPU.ActiveCfg = Release|Any CPU
		{7E2C4C40-BC8F-4D1F-91D5-A9D961BA89C5}.Release|Any CPU.Build.0 = Release|Any CPU
		{F8986E84-9D82-480E-B259-B0D18A0619D6}.Debug|Any CPU.ActiveCfg = Debug|Any CPU
		{F8986E84-9D82-480E-B259-B0D18A0619D6}.Debug|Any CPU.Build.0 = Debug|Any CPU
		{F8986E84-9D82-480E-B259-B0D18A0619D6}.Release|Any CPU.ActiveCfg = Release|Any CPU
		{F8986E84-9D82-480E-B259-B0D18A0619D6}.Release|Any CPU.Build.0 = Release|Any CPU
		{A341C523-49AB-4D4D-900F-59746980E8CE}.Debug|Any CPU.ActiveCfg = Debug|Any CPU
		{A341C523-49AB-4D4D-900F-59746980E8CE}.Debug|Any CPU.Build.0 = Debug|Any CPU
		{A341C523-49AB-4D4D-900F-59746980E8CE}.Release|Any CPU.ActiveCfg = Release|Any CPU
		{A341C523-49AB-4D4D-900F-59746980E8CE}.Release|Any CPU.Build.0 = Release|Any CPU
		{014C96DA-2708-41B5-BFCB-6B35AB953471}.Debug|Any CPU.ActiveCfg = Debug|Any CPU
		{014C96DA-2708-41B5-BFCB-6B35AB953471}.Debug|Any CPU.Build.0 = Debug|Any CPU
		{014C96DA-2708-41B5-BFCB-6B35AB953471}.Release|Any CPU.ActiveCfg = Release|Any CPU
		{014C96DA-2708-41B5-BFCB-6B35AB953471}.Release|Any CPU.Build.0 = Release|Any CPU
		{F5C673A6-EBA4-48E8-8D3C-0429A50E4491}.Debug|Any CPU.ActiveCfg = Debug|Any CPU
		{F5C673A6-EBA4-48E8-8D3C-0429A50E4491}.Debug|Any CPU.Build.0 = Debug|Any CPU
		{F5C673A6-EBA4-48E8-8D3C-0429A50E4491}.Release|Any CPU.ActiveCfg = Release|Any CPU
		{F5C673A6-EBA4-48E8-8D3C-0429A50E4491}.Release|Any CPU.Build.0 = Release|Any CPU
		{AF5935CA-4A08-42DC-8ACF-01F837FE38B9}.Debug|Any CPU.ActiveCfg = Debug|Any CPU
		{AF5935CA-4A08-42DC-8ACF-01F837FE38B9}.Debug|Any CPU.Build.0 = Debug|Any CPU
		{AF5935CA-4A08-42DC-8ACF-01F837FE38B9}.Release|Any CPU.ActiveCfg = Release|Any CPU
		{AF5935CA-4A08-42DC-8ACF-01F837FE38B9}.Release|Any CPU.Build.0 = Release|Any CPU
		{0E68BD6E-85E0-4FAC-81DD-0EA89B22129E}.Debug|Any CPU.ActiveCfg = Debug|Any CPU
		{0E68BD6E-85E0-4FAC-81DD-0EA89B22129E}.Debug|Any CPU.Build.0 = Debug|Any CPU
		{0E68BD6E-85E0-4FAC-81DD-0EA89B22129E}.Release|Any CPU.ActiveCfg = Release|Any CPU
		{0E68BD6E-85E0-4FAC-81DD-0EA89B22129E}.Release|Any CPU.Build.0 = Release|Any CPU
		{55F276DB-4C75-469F-8AA8-461E13394900}.Debug|Any CPU.ActiveCfg = Debug|Any CPU
		{55F276DB-4C75-469F-8AA8-461E13394900}.Debug|Any CPU.Build.0 = Debug|Any CPU
		{55F276DB-4C75-469F-8AA8-461E13394900}.Release|Any CPU.ActiveCfg = Release|Any CPU
		{55F276DB-4C75-469F-8AA8-461E13394900}.Release|Any CPU.Build.0 = Release|Any CPU
		{261CD190-3F03-4D44-82DE-AE5B2BCBA22A}.Debug|Any CPU.ActiveCfg = Debug|Any CPU
		{261CD190-3F03-4D44-82DE-AE5B2BCBA22A}.Debug|Any CPU.Build.0 = Debug|Any CPU
		{261CD190-3F03-4D44-82DE-AE5B2BCBA22A}.Release|Any CPU.ActiveCfg = Release|Any CPU
		{261CD190-3F03-4D44-82DE-AE5B2BCBA22A}.Release|Any CPU.Build.0 = Release|Any CPU
		{231C6824-26EB-4983-AA05-2C238FFF57E9}.Debug|Any CPU.ActiveCfg = Debug|Any CPU
		{231C6824-26EB-4983-AA05-2C238FFF57E9}.Debug|Any CPU.Build.0 = Debug|Any CPU
		{231C6824-26EB-4983-AA05-2C238FFF57E9}.Release|Any CPU.ActiveCfg = Release|Any CPU
		{231C6824-26EB-4983-AA05-2C238FFF57E9}.Release|Any CPU.Build.0 = Release|Any CPU
		{CE369F1E-1766-4360-AE5A-D6B5B9A418E0}.Debug|Any CPU.ActiveCfg = Debug|Any CPU
		{CE369F1E-1766-4360-AE5A-D6B5B9A418E0}.Debug|Any CPU.Build.0 = Debug|Any CPU
		{CE369F1E-1766-4360-AE5A-D6B5B9A418E0}.Release|Any CPU.ActiveCfg = Release|Any CPU
		{CE369F1E-1766-4360-AE5A-D6B5B9A418E0}.Release|Any CPU.Build.0 = Release|Any CPU
		{73D3B4B2-681E-4C6E-BCB2-7D80D9B62B74}.Debug|Any CPU.ActiveCfg = Debug|Any CPU
		{73D3B4B2-681E-4C6E-BCB2-7D80D9B62B74}.Debug|Any CPU.Build.0 = Debug|Any CPU
		{73D3B4B2-681E-4C6E-BCB2-7D80D9B62B74}.Release|Any CPU.ActiveCfg = Release|Any CPU
		{73D3B4B2-681E-4C6E-BCB2-7D80D9B62B74}.Release|Any CPU.Build.0 = Release|Any CPU
		{3A0301E3-892C-48BF-B8A5-50599B61DA1E}.Debug|Any CPU.ActiveCfg = Debug|Any CPU
		{3A0301E3-892C-48BF-B8A5-50599B61DA1E}.Debug|Any CPU.Build.0 = Debug|Any CPU
		{3A0301E3-892C-48BF-B8A5-50599B61DA1E}.Release|Any CPU.ActiveCfg = Release|Any CPU
		{3A0301E3-892C-48BF-B8A5-50599B61DA1E}.Release|Any CPU.Build.0 = Release|Any CPU
		{04EA4AC6-E755-45A6-A778-0B03BAF54584}.Debug|Any CPU.ActiveCfg = Debug|Any CPU
		{04EA4AC6-E755-45A6-A778-0B03BAF54584}.Debug|Any CPU.Build.0 = Debug|Any CPU
		{04EA4AC6-E755-45A6-A778-0B03BAF54584}.Release|Any CPU.ActiveCfg = Release|Any CPU
		{04EA4AC6-E755-45A6-A778-0B03BAF54584}.Release|Any CPU.Build.0 = Release|Any CPU
		{412A3EB8-6CA5-415A-B5E5-35B0AB6EA384}.Debug|Any CPU.ActiveCfg = Debug|Any CPU
		{412A3EB8-6CA5-415A-B5E5-35B0AB6EA384}.Debug|Any CPU.Build.0 = Debug|Any CPU
		{412A3EB8-6CA5-415A-B5E5-35B0AB6EA384}.Release|Any CPU.ActiveCfg = Release|Any CPU
		{412A3EB8-6CA5-415A-B5E5-35B0AB6EA384}.Release|Any CPU.Build.0 = Release|Any CPU
		{44874695-0586-4EB2-BEE4-9B7BA400B041}.Debug|Any CPU.ActiveCfg = Debug|Any CPU
		{44874695-0586-4EB2-BEE4-9B7BA400B041}.Debug|Any CPU.Build.0 = Debug|Any CPU
		{44874695-0586-4EB2-BEE4-9B7BA400B041}.Release|Any CPU.ActiveCfg = Release|Any CPU
		{44874695-0586-4EB2-BEE4-9B7BA400B041}.Release|Any CPU.Build.0 = Release|Any CPU
		{463C8161-42B1-451D-AD2D-C6F0A041AF13}.Debug|Any CPU.ActiveCfg = Debug|Any CPU
		{463C8161-42B1-451D-AD2D-C6F0A041AF13}.Debug|Any CPU.Build.0 = Debug|Any CPU
		{463C8161-42B1-451D-AD2D-C6F0A041AF13}.Release|Any CPU.ActiveCfg = Release|Any CPU
		{463C8161-42B1-451D-AD2D-C6F0A041AF13}.Release|Any CPU.Build.0 = Release|Any CPU
		{DB2CE983-2D9A-4054-8D30-919F8E06A035}.Debug|Any CPU.ActiveCfg = Debug|Any CPU
		{DB2CE983-2D9A-4054-8D30-919F8E06A035}.Debug|Any CPU.Build.0 = Debug|Any CPU
		{DB2CE983-2D9A-4054-8D30-919F8E06A035}.Release|Any CPU.ActiveCfg = Release|Any CPU
		{DB2CE983-2D9A-4054-8D30-919F8E06A035}.Release|Any CPU.Build.0 = Release|Any CPU
		{1F9A4116-C727-4EEC-9596-D20164054231}.Debug|Any CPU.ActiveCfg = Debug|Any CPU
		{1F9A4116-C727-4EEC-9596-D20164054231}.Debug|Any CPU.Build.0 = Debug|Any CPU
		{1F9A4116-C727-4EEC-9596-D20164054231}.Release|Any CPU.ActiveCfg = Release|Any CPU
		{1F9A4116-C727-4EEC-9596-D20164054231}.Release|Any CPU.Build.0 = Release|Any CPU
		{884BA51B-9824-4152-9E08-6D6F7CB18B5F}.Debug|Any CPU.ActiveCfg = Debug|Any CPU
		{884BA51B-9824-4152-9E08-6D6F7CB18B5F}.Debug|Any CPU.Build.0 = Debug|Any CPU
		{884BA51B-9824-4152-9E08-6D6F7CB18B5F}.Release|Any CPU.ActiveCfg = Release|Any CPU
		{884BA51B-9824-4152-9E08-6D6F7CB18B5F}.Release|Any CPU.Build.0 = Release|Any CPU
		{C7BB6DEA-B6B4-4886-B6F5-AC43CEF8DD3B}.Debug|Any CPU.ActiveCfg = Debug|Any CPU
		{C7BB6DEA-B6B4-4886-B6F5-AC43CEF8DD3B}.Debug|Any CPU.Build.0 = Debug|Any CPU
		{C7BB6DEA-B6B4-4886-B6F5-AC43CEF8DD3B}.Release|Any CPU.ActiveCfg = Release|Any CPU
		{C7BB6DEA-B6B4-4886-B6F5-AC43CEF8DD3B}.Release|Any CPU.Build.0 = Release|Any CPU
		{E2925041-AFC9-432B-96DC-FF1D1C282BDE}.Debug|Any CPU.ActiveCfg = Debug|Any CPU
		{E2925041-AFC9-432B-96DC-FF1D1C282BDE}.Debug|Any CPU.Build.0 = Debug|Any CPU
		{E2925041-AFC9-432B-96DC-FF1D1C282BDE}.Release|Any CPU.ActiveCfg = Release|Any CPU
		{E2925041-AFC9-432B-96DC-FF1D1C282BDE}.Release|Any CPU.Build.0 = Release|Any CPU
		{EBADAD66-B3EE-47FD-A3CC-D08D1B1418A0}.Debug|Any CPU.ActiveCfg = Debug|Any CPU
		{EBADAD66-B3EE-47FD-A3CC-D08D1B1418A0}.Debug|Any CPU.Build.0 = Debug|Any CPU
		{EBADAD66-B3EE-47FD-A3CC-D08D1B1418A0}.Release|Any CPU.ActiveCfg = Release|Any CPU
		{EBADAD66-B3EE-47FD-A3CC-D08D1B1418A0}.Release|Any CPU.Build.0 = Release|Any CPU
		{14566977-658B-4832-A379-798A6D99359C}.Debug|Any CPU.ActiveCfg = Debug|Any CPU
		{14566977-658B-4832-A379-798A6D99359C}.Debug|Any CPU.Build.0 = Debug|Any CPU
		{14566977-658B-4832-A379-798A6D99359C}.Release|Any CPU.ActiveCfg = Release|Any CPU
		{14566977-658B-4832-A379-798A6D99359C}.Release|Any CPU.Build.0 = Release|Any CPU
		{04E5A9BF-20DE-4BF2-9EEA-56801F82045D}.Debug|Any CPU.ActiveCfg = Debug|Any CPU
		{04E5A9BF-20DE-4BF2-9EEA-56801F82045D}.Debug|Any CPU.Build.0 = Debug|Any CPU
		{04E5A9BF-20DE-4BF2-9EEA-56801F82045D}.Release|Any CPU.ActiveCfg = Release|Any CPU
		{04E5A9BF-20DE-4BF2-9EEA-56801F82045D}.Release|Any CPU.Build.0 = Release|Any CPU
		{B5168DA2-553E-4B09-8C83-EAC3118D9876}.Debug|Any CPU.ActiveCfg = Debug|Any CPU
		{B5168DA2-553E-4B09-8C83-EAC3118D9876}.Debug|Any CPU.Build.0 = Debug|Any CPU
		{B5168DA2-553E-4B09-8C83-EAC3118D9876}.Release|Any CPU.ActiveCfg = Release|Any CPU
		{B5168DA2-553E-4B09-8C83-EAC3118D9876}.Release|Any CPU.Build.0 = Release|Any CPU
		{4E0E2D60-35DF-484B-B7F2-F67D6AD6E3E9}.Debug|Any CPU.ActiveCfg = Debug|Any CPU
		{4E0E2D60-35DF-484B-B7F2-F67D6AD6E3E9}.Debug|Any CPU.Build.0 = Debug|Any CPU
		{4E0E2D60-35DF-484B-B7F2-F67D6AD6E3E9}.Release|Any CPU.ActiveCfg = Release|Any CPU
		{4E0E2D60-35DF-484B-B7F2-F67D6AD6E3E9}.Release|Any CPU.Build.0 = Release|Any CPU
		{ECDA57FD-011E-487E-9D69-BBC64E948F21}.Debug|Any CPU.ActiveCfg = Debug|Any CPU
		{ECDA57FD-011E-487E-9D69-BBC64E948F21}.Debug|Any CPU.Build.0 = Debug|Any CPU
		{ECDA57FD-011E-487E-9D69-BBC64E948F21}.Release|Any CPU.ActiveCfg = Release|Any CPU
		{ECDA57FD-011E-487E-9D69-BBC64E948F21}.Release|Any CPU.Build.0 = Release|Any CPU
		{E92EEAE5-36E1-451C-8DBB-87974DAEAAAF}.Debug|Any CPU.ActiveCfg = Debug|Any CPU
		{E92EEAE5-36E1-451C-8DBB-87974DAEAAAF}.Debug|Any CPU.Build.0 = Debug|Any CPU
		{E92EEAE5-36E1-451C-8DBB-87974DAEAAAF}.Release|Any CPU.ActiveCfg = Release|Any CPU
		{E92EEAE5-36E1-451C-8DBB-87974DAEAAAF}.Release|Any CPU.Build.0 = Release|Any CPU
		{ADCC4FD5-C26D-49A0-ADFB-0925C1FCE527}.Debug|Any CPU.ActiveCfg = Debug|Any CPU
		{ADCC4FD5-C26D-49A0-ADFB-0925C1FCE527}.Debug|Any CPU.Build.0 = Debug|Any CPU
		{ADCC4FD5-C26D-49A0-ADFB-0925C1FCE527}.Release|Any CPU.ActiveCfg = Release|Any CPU
		{ADCC4FD5-C26D-49A0-ADFB-0925C1FCE527}.Release|Any CPU.Build.0 = Release|Any CPU
		{A0B186C7-0997-455E-BC65-2210DAC499C1}.Debug|Any CPU.ActiveCfg = Debug|Any CPU
		{A0B186C7-0997-455E-BC65-2210DAC499C1}.Debug|Any CPU.Build.0 = Debug|Any CPU
		{A0B186C7-0997-455E-BC65-2210DAC499C1}.Release|Any CPU.ActiveCfg = Release|Any CPU
		{A0B186C7-0997-455E-BC65-2210DAC499C1}.Release|Any CPU.Build.0 = Release|Any CPU
		{0B41834B-3F38-42E6-9B30-8E1DFA4F9549}.Debug|Any CPU.ActiveCfg = Debug|Any CPU
		{0B41834B-3F38-42E6-9B30-8E1DFA4F9549}.Debug|Any CPU.Build.0 = Debug|Any CPU
		{0B41834B-3F38-42E6-9B30-8E1DFA4F9549}.Release|Any CPU.ActiveCfg = Release|Any CPU
		{0B41834B-3F38-42E6-9B30-8E1DFA4F9549}.Release|Any CPU.Build.0 = Release|Any CPU
		{C39AF0E8-7FA2-420B-9F8D-04AB5DB85F0D}.Debug|Any CPU.ActiveCfg = Debug|Any CPU
		{C39AF0E8-7FA2-420B-9F8D-04AB5DB85F0D}.Debug|Any CPU.Build.0 = Debug|Any CPU
		{C39AF0E8-7FA2-420B-9F8D-04AB5DB85F0D}.Release|Any CPU.ActiveCfg = Release|Any CPU
		{C39AF0E8-7FA2-420B-9F8D-04AB5DB85F0D}.Release|Any CPU.Build.0 = Release|Any CPU
		{1595F4E7-00A0-4FE9-ABEB-95A4DEF11D72}.Debug|Any CPU.ActiveCfg = Debug|Any CPU
		{1595F4E7-00A0-4FE9-ABEB-95A4DEF11D72}.Debug|Any CPU.Build.0 = Debug|Any CPU
		{1595F4E7-00A0-4FE9-ABEB-95A4DEF11D72}.Release|Any CPU.ActiveCfg = Release|Any CPU
		{1595F4E7-00A0-4FE9-ABEB-95A4DEF11D72}.Release|Any CPU.Build.0 = Release|Any CPU
		{DFD2587D-DF74-4767-87EF-8975F791F696}.Debug|Any CPU.ActiveCfg = Debug|Any CPU
		{DFD2587D-DF74-4767-87EF-8975F791F696}.Debug|Any CPU.Build.0 = Debug|Any CPU
		{DFD2587D-DF74-4767-87EF-8975F791F696}.Release|Any CPU.ActiveCfg = Release|Any CPU
		{DFD2587D-DF74-4767-87EF-8975F791F696}.Release|Any CPU.Build.0 = Release|Any CPU
		{305C7035-9DBA-4AD1-9EE3-B25A5DD5174C}.Debug|Any CPU.ActiveCfg = Debug|Any CPU
		{305C7035-9DBA-4AD1-9EE3-B25A5DD5174C}.Debug|Any CPU.Build.0 = Debug|Any CPU
		{305C7035-9DBA-4AD1-9EE3-B25A5DD5174C}.Release|Any CPU.ActiveCfg = Release|Any CPU
		{305C7035-9DBA-4AD1-9EE3-B25A5DD5174C}.Release|Any CPU.Build.0 = Release|Any CPU
		{C3A86AD5-22DC-4A5C-85BB-DCF3B0F96DEF}.Debug|Any CPU.ActiveCfg = Debug|Any CPU
		{C3A86AD5-22DC-4A5C-85BB-DCF3B0F96DEF}.Debug|Any CPU.Build.0 = Debug|Any CPU
		{C3A86AD5-22DC-4A5C-85BB-DCF3B0F96DEF}.Release|Any CPU.ActiveCfg = Release|Any CPU
		{C3A86AD5-22DC-4A5C-85BB-DCF3B0F96DEF}.Release|Any CPU.Build.0 = Release|Any CPU
		{CB869C2F-BA43-4B0C-9D1E-7DE1FDBA6D1F}.Debug|Any CPU.ActiveCfg = Debug|Any CPU
		{CB869C2F-BA43-4B0C-9D1E-7DE1FDBA6D1F}.Debug|Any CPU.Build.0 = Debug|Any CPU
		{CB869C2F-BA43-4B0C-9D1E-7DE1FDBA6D1F}.Release|Any CPU.ActiveCfg = Release|Any CPU
		{CB869C2F-BA43-4B0C-9D1E-7DE1FDBA6D1F}.Release|Any CPU.Build.0 = Release|Any CPU
		{4CD6A314-9889-4DB5-B119-B9E84D950091}.Debug|Any CPU.ActiveCfg = Debug|Any CPU
		{4CD6A314-9889-4DB5-B119-B9E84D950091}.Debug|Any CPU.Build.0 = Debug|Any CPU
		{4CD6A314-9889-4DB5-B119-B9E84D950091}.Release|Any CPU.ActiveCfg = Release|Any CPU
		{4CD6A314-9889-4DB5-B119-B9E84D950091}.Release|Any CPU.Build.0 = Release|Any CPU
		{37A3F0BF-3B18-46E8-826C-C2501E6183D5}.Debug|Any CPU.ActiveCfg = Debug|Any CPU
		{37A3F0BF-3B18-46E8-826C-C2501E6183D5}.Debug|Any CPU.Build.0 = Debug|Any CPU
		{37A3F0BF-3B18-46E8-826C-C2501E6183D5}.Release|Any CPU.ActiveCfg = Release|Any CPU
		{37A3F0BF-3B18-46E8-826C-C2501E6183D5}.Release|Any CPU.Build.0 = Release|Any CPU
		{DB7D4618-289C-441C-B5F1-73B67D9F4F86}.Debug|Any CPU.ActiveCfg = Debug|Any CPU
		{DB7D4618-289C-441C-B5F1-73B67D9F4F86}.Debug|Any CPU.Build.0 = Debug|Any CPU
		{DB7D4618-289C-441C-B5F1-73B67D9F4F86}.Release|Any CPU.ActiveCfg = Release|Any CPU
		{DB7D4618-289C-441C-B5F1-73B67D9F4F86}.Release|Any CPU.Build.0 = Release|Any CPU
		{802B52C8-A2E3-4551-96B5-A02B707D3FE4}.Debug|Any CPU.ActiveCfg = Debug|Any CPU
		{802B52C8-A2E3-4551-96B5-A02B707D3FE4}.Debug|Any CPU.Build.0 = Debug|Any CPU
		{802B52C8-A2E3-4551-96B5-A02B707D3FE4}.Release|Any CPU.ActiveCfg = Release|Any CPU
		{802B52C8-A2E3-4551-96B5-A02B707D3FE4}.Release|Any CPU.Build.0 = Release|Any CPU
		{A821FF6F-8882-417E-B7FD-12CA43B3F834}.Debug|Any CPU.ActiveCfg = Debug|Any CPU
		{A821FF6F-8882-417E-B7FD-12CA43B3F834}.Debug|Any CPU.Build.0 = Debug|Any CPU
		{A821FF6F-8882-417E-B7FD-12CA43B3F834}.Release|Any CPU.ActiveCfg = Release|Any CPU
		{A821FF6F-8882-417E-B7FD-12CA43B3F834}.Release|Any CPU.Build.0 = Release|Any CPU
		{83B9CCB3-69BA-4FAF-A818-E7C6599E3008}.Debug|Any CPU.ActiveCfg = Debug|Any CPU
		{83B9CCB3-69BA-4FAF-A818-E7C6599E3008}.Debug|Any CPU.Build.0 = Debug|Any CPU
		{83B9CCB3-69BA-4FAF-A818-E7C6599E3008}.Release|Any CPU.ActiveCfg = Release|Any CPU
		{83B9CCB3-69BA-4FAF-A818-E7C6599E3008}.Release|Any CPU.Build.0 = Release|Any CPU
		{EE54450E-A7E3-4CE2-8841-1D76BD32BFEE}.Debug|Any CPU.ActiveCfg = Debug|Any CPU
		{EE54450E-A7E3-4CE2-8841-1D76BD32BFEE}.Debug|Any CPU.Build.0 = Debug|Any CPU
		{EE54450E-A7E3-4CE2-8841-1D76BD32BFEE}.Release|Any CPU.ActiveCfg = Release|Any CPU
		{EE54450E-A7E3-4CE2-8841-1D76BD32BFEE}.Release|Any CPU.Build.0 = Release|Any CPU
		{0481D24C-647B-4FCA-A9B0-5FBC8A83785C}.Debug|Any CPU.ActiveCfg = Debug|Any CPU
		{0481D24C-647B-4FCA-A9B0-5FBC8A83785C}.Debug|Any CPU.Build.0 = Debug|Any CPU
		{0481D24C-647B-4FCA-A9B0-5FBC8A83785C}.Release|Any CPU.ActiveCfg = Release|Any CPU
		{0481D24C-647B-4FCA-A9B0-5FBC8A83785C}.Release|Any CPU.Build.0 = Release|Any CPU
		{F34E464A-6C22-4F04-BFA3-56A9A1AB6B40}.Debug|Any CPU.ActiveCfg = Debug|Any CPU
		{F34E464A-6C22-4F04-BFA3-56A9A1AB6B40}.Debug|Any CPU.Build.0 = Debug|Any CPU
		{F34E464A-6C22-4F04-BFA3-56A9A1AB6B40}.Release|Any CPU.ActiveCfg = Release|Any CPU
		{F34E464A-6C22-4F04-BFA3-56A9A1AB6B40}.Release|Any CPU.Build.0 = Release|Any CPU
		{F5D2A75C-7183-4120-BD29-5842B85EF087}.Debug|Any CPU.ActiveCfg = Debug|Any CPU
		{F5D2A75C-7183-4120-BD29-5842B85EF087}.Debug|Any CPU.Build.0 = Debug|Any CPU
		{F5D2A75C-7183-4120-BD29-5842B85EF087}.Release|Any CPU.ActiveCfg = Release|Any CPU
		{F5D2A75C-7183-4120-BD29-5842B85EF087}.Release|Any CPU.Build.0 = Release|Any CPU
		{B59F06C2-2A96-469F-9511-49A5FEB4F85F}.Debug|Any CPU.ActiveCfg = Debug|Any CPU
		{B59F06C2-2A96-469F-9511-49A5FEB4F85F}.Debug|Any CPU.Build.0 = Debug|Any CPU
		{B59F06C2-2A96-469F-9511-49A5FEB4F85F}.Release|Any CPU.ActiveCfg = Release|Any CPU
		{B59F06C2-2A96-469F-9511-49A5FEB4F85F}.Release|Any CPU.Build.0 = Release|Any CPU
		{359D4281-A19E-4271-A69C-4E9A1A6CFA7A}.Debug|Any CPU.ActiveCfg = Debug|Any CPU
		{359D4281-A19E-4271-A69C-4E9A1A6CFA7A}.Debug|Any CPU.Build.0 = Debug|Any CPU
		{359D4281-A19E-4271-A69C-4E9A1A6CFA7A}.Release|Any CPU.ActiveCfg = Release|Any CPU
		{359D4281-A19E-4271-A69C-4E9A1A6CFA7A}.Release|Any CPU.Build.0 = Release|Any CPU
		{EDF0CDCB-A256-4383-8F9A-F68642C0A08C}.Debug|Any CPU.ActiveCfg = Debug|Any CPU
		{EDF0CDCB-A256-4383-8F9A-F68642C0A08C}.Debug|Any CPU.Build.0 = Debug|Any CPU
		{EDF0CDCB-A256-4383-8F9A-F68642C0A08C}.Release|Any CPU.ActiveCfg = Release|Any CPU
		{EDF0CDCB-A256-4383-8F9A-F68642C0A08C}.Release|Any CPU.Build.0 = Release|Any CPU
		{0071467B-0321-4D38-A542-6EA61C5F2180}.Debug|Any CPU.ActiveCfg = Debug|Any CPU
		{0071467B-0321-4D38-A542-6EA61C5F2180}.Debug|Any CPU.Build.0 = Debug|Any CPU
		{0071467B-0321-4D38-A542-6EA61C5F2180}.Release|Any CPU.ActiveCfg = Release|Any CPU
		{0071467B-0321-4D38-A542-6EA61C5F2180}.Release|Any CPU.Build.0 = Release|Any CPU
		{1D5AB31D-7825-4057-9E0D-358AD8ADD95D}.Debug|Any CPU.ActiveCfg = Debug|Any CPU
		{1D5AB31D-7825-4057-9E0D-358AD8ADD95D}.Debug|Any CPU.Build.0 = Debug|Any CPU
		{1D5AB31D-7825-4057-9E0D-358AD8ADD95D}.Release|Any CPU.ActiveCfg = Release|Any CPU
		{1D5AB31D-7825-4057-9E0D-358AD8ADD95D}.Release|Any CPU.Build.0 = Release|Any CPU
		{DAFE4569-7091-4448-A546-F5883D9A87AB}.Debug|Any CPU.ActiveCfg = Debug|Any CPU
		{DAFE4569-7091-4448-A546-F5883D9A87AB}.Debug|Any CPU.Build.0 = Debug|Any CPU
		{DAFE4569-7091-4448-A546-F5883D9A87AB}.Release|Any CPU.ActiveCfg = Release|Any CPU
		{DAFE4569-7091-4448-A546-F5883D9A87AB}.Release|Any CPU.Build.0 = Release|Any CPU
		{B882E31B-7BE6-4A99-A0D9-21A197B406E2}.Debug|Any CPU.ActiveCfg = Debug|Any CPU
		{B882E31B-7BE6-4A99-A0D9-21A197B406E2}.Debug|Any CPU.Build.0 = Debug|Any CPU
		{B882E31B-7BE6-4A99-A0D9-21A197B406E2}.Release|Any CPU.ActiveCfg = Release|Any CPU
		{B882E31B-7BE6-4A99-A0D9-21A197B406E2}.Release|Any CPU.Build.0 = Release|Any CPU
		{F68AB4C0-1C9B-49C4-8658-87871C267A2C}.Debug|Any CPU.ActiveCfg = Debug|Any CPU
		{F68AB4C0-1C9B-49C4-8658-87871C267A2C}.Debug|Any CPU.Build.0 = Debug|Any CPU
		{F68AB4C0-1C9B-49C4-8658-87871C267A2C}.Release|Any CPU.ActiveCfg = Release|Any CPU
		{F68AB4C0-1C9B-49C4-8658-87871C267A2C}.Release|Any CPU.Build.0 = Release|Any CPU
		{8A2552A2-E687-4E5F-AAD4-70018983C23F}.Debug|Any CPU.ActiveCfg = Debug|Any CPU
		{8A2552A2-E687-4E5F-AAD4-70018983C23F}.Debug|Any CPU.Build.0 = Debug|Any CPU
		{8A2552A2-E687-4E5F-AAD4-70018983C23F}.Release|Any CPU.ActiveCfg = Release|Any CPU
		{8A2552A2-E687-4E5F-AAD4-70018983C23F}.Release|Any CPU.Build.0 = Release|Any CPU
		{BF1C43A7-8200-469C-B9D8-326BE4B2FAB2}.Debug|Any CPU.ActiveCfg = Debug|Any CPU
		{BF1C43A7-8200-469C-B9D8-326BE4B2FAB2}.Debug|Any CPU.Build.0 = Debug|Any CPU
		{BF1C43A7-8200-469C-B9D8-326BE4B2FAB2}.Release|Any CPU.ActiveCfg = Release|Any CPU
		{BF1C43A7-8200-469C-B9D8-326BE4B2FAB2}.Release|Any CPU.Build.0 = Release|Any CPU
		{06F38A6E-0AB4-4EF3-8325-62ADB3B2BCFC}.Debug|Any CPU.ActiveCfg = Debug|Any CPU
		{06F38A6E-0AB4-4EF3-8325-62ADB3B2BCFC}.Debug|Any CPU.Build.0 = Debug|Any CPU
		{06F38A6E-0AB4-4EF3-8325-62ADB3B2BCFC}.Release|Any CPU.ActiveCfg = Release|Any CPU
		{06F38A6E-0AB4-4EF3-8325-62ADB3B2BCFC}.Release|Any CPU.Build.0 = Release|Any CPU
		{3DB376E5-3561-471D-AC7B-5CB09EAF9498}.Debug|Any CPU.ActiveCfg = Debug|Any CPU
		{3DB376E5-3561-471D-AC7B-5CB09EAF9498}.Debug|Any CPU.Build.0 = Debug|Any CPU
		{3DB376E5-3561-471D-AC7B-5CB09EAF9498}.Release|Any CPU.ActiveCfg = Release|Any CPU
		{3DB376E5-3561-471D-AC7B-5CB09EAF9498}.Release|Any CPU.Build.0 = Release|Any CPU
		{FC6145F5-BA63-4F11-8815-4DA96EB7A4F4}.Debug|Any CPU.ActiveCfg = Debug|Any CPU
		{FC6145F5-BA63-4F11-8815-4DA96EB7A4F4}.Debug|Any CPU.Build.0 = Debug|Any CPU
		{FC6145F5-BA63-4F11-8815-4DA96EB7A4F4}.Release|Any CPU.ActiveCfg = Release|Any CPU
		{FC6145F5-BA63-4F11-8815-4DA96EB7A4F4}.Release|Any CPU.Build.0 = Release|Any CPU
		{8CC147C1-0373-497C-9F7A-1BDCE63613FA}.Debug|Any CPU.ActiveCfg = Debug|Any CPU
		{8CC147C1-0373-497C-9F7A-1BDCE63613FA}.Debug|Any CPU.Build.0 = Debug|Any CPU
		{8CC147C1-0373-497C-9F7A-1BDCE63613FA}.Release|Any CPU.ActiveCfg = Release|Any CPU
		{8CC147C1-0373-497C-9F7A-1BDCE63613FA}.Release|Any CPU.Build.0 = Release|Any CPU
		{3A8DA4FF-603F-4380-8002-037301569CD9}.Debug|Any CPU.ActiveCfg = Debug|Any CPU
		{3A8DA4FF-603F-4380-8002-037301569CD9}.Debug|Any CPU.Build.0 = Debug|Any CPU
		{3A8DA4FF-603F-4380-8002-037301569CD9}.Release|Any CPU.ActiveCfg = Release|Any CPU
		{3A8DA4FF-603F-4380-8002-037301569CD9}.Release|Any CPU.Build.0 = Release|Any CPU
		{72F6195F-BA18-4D91-872E-17839372EDB8}.Debug|Any CPU.ActiveCfg = Debug|Any CPU
		{72F6195F-BA18-4D91-872E-17839372EDB8}.Debug|Any CPU.Build.0 = Debug|Any CPU
		{72F6195F-BA18-4D91-872E-17839372EDB8}.Release|Any CPU.ActiveCfg = Release|Any CPU
		{72F6195F-BA18-4D91-872E-17839372EDB8}.Release|Any CPU.Build.0 = Release|Any CPU
		{C170F048-D2B1-4846-97BE-849CCC27DC73}.Debug|Any CPU.ActiveCfg = Debug|Any CPU
		{C170F048-D2B1-4846-97BE-849CCC27DC73}.Debug|Any CPU.Build.0 = Debug|Any CPU
		{C170F048-D2B1-4846-97BE-849CCC27DC73}.Release|Any CPU.ActiveCfg = Release|Any CPU
		{C170F048-D2B1-4846-97BE-849CCC27DC73}.Release|Any CPU.Build.0 = Release|Any CPU
		{E229BDE4-24E3-49AA-BC4F-F5D67C30EB9A}.Debug|Any CPU.ActiveCfg = Debug|Any CPU
		{E229BDE4-24E3-49AA-BC4F-F5D67C30EB9A}.Debug|Any CPU.Build.0 = Debug|Any CPU
		{E229BDE4-24E3-49AA-BC4F-F5D67C30EB9A}.Release|Any CPU.ActiveCfg = Release|Any CPU
		{E229BDE4-24E3-49AA-BC4F-F5D67C30EB9A}.Release|Any CPU.Build.0 = Release|Any CPU
		{B6D6F09D-DC0E-4E27-B23D-DF6608F7366E}.Debug|Any CPU.ActiveCfg = Debug|Any CPU
		{B6D6F09D-DC0E-4E27-B23D-DF6608F7366E}.Debug|Any CPU.Build.0 = Debug|Any CPU
		{B6D6F09D-DC0E-4E27-B23D-DF6608F7366E}.Release|Any CPU.ActiveCfg = Release|Any CPU
		{B6D6F09D-DC0E-4E27-B23D-DF6608F7366E}.Release|Any CPU.Build.0 = Release|Any CPU
		{B8325561-1257-4232-B0E4-59FF855A6C38}.Debug|Any CPU.ActiveCfg = Debug|Any CPU
		{B8325561-1257-4232-B0E4-59FF855A6C38}.Debug|Any CPU.Build.0 = Debug|Any CPU
		{B8325561-1257-4232-B0E4-59FF855A6C38}.Release|Any CPU.ActiveCfg = Release|Any CPU
		{B8325561-1257-4232-B0E4-59FF855A6C38}.Release|Any CPU.Build.0 = Release|Any CPU
		{DC474F81-9BC6-4B26-AFA3-BE08C1696D60}.Debug|Any CPU.ActiveCfg = Debug|Any CPU
		{DC474F81-9BC6-4B26-AFA3-BE08C1696D60}.Debug|Any CPU.Build.0 = Debug|Any CPU
		{DC474F81-9BC6-4B26-AFA3-BE08C1696D60}.Release|Any CPU.ActiveCfg = Release|Any CPU
		{DC474F81-9BC6-4B26-AFA3-BE08C1696D60}.Release|Any CPU.Build.0 = Release|Any CPU
		{7BA6A195-03FF-4A28-8411-E47966CC1FD2}.Debug|Any CPU.ActiveCfg = Debug|Any CPU
		{7BA6A195-03FF-4A28-8411-E47966CC1FD2}.Debug|Any CPU.Build.0 = Debug|Any CPU
		{7BA6A195-03FF-4A28-8411-E47966CC1FD2}.Release|Any CPU.ActiveCfg = Release|Any CPU
		{7BA6A195-03FF-4A28-8411-E47966CC1FD2}.Release|Any CPU.Build.0 = Release|Any CPU
		{B0C2CC0E-C893-4A23-92F8-5200E3F2D0C0}.Debug|Any CPU.ActiveCfg = Debug|Any CPU
		{B0C2CC0E-C893-4A23-92F8-5200E3F2D0C0}.Debug|Any CPU.Build.0 = Debug|Any CPU
		{B0C2CC0E-C893-4A23-92F8-5200E3F2D0C0}.Release|Any CPU.ActiveCfg = Release|Any CPU
		{B0C2CC0E-C893-4A23-92F8-5200E3F2D0C0}.Release|Any CPU.Build.0 = Release|Any CPU
		{4BFE7280-C698-4404-B672-7331AF925DCB}.Debug|Any CPU.ActiveCfg = Debug|Any CPU
		{4BFE7280-C698-4404-B672-7331AF925DCB}.Debug|Any CPU.Build.0 = Debug|Any CPU
		{4BFE7280-C698-4404-B672-7331AF925DCB}.Release|Any CPU.ActiveCfg = Release|Any CPU
		{4BFE7280-C698-4404-B672-7331AF925DCB}.Release|Any CPU.Build.0 = Release|Any CPU
		{AFAD0875-E163-4FD8-A0D7-19614353949C}.Debug|Any CPU.ActiveCfg = Debug|Any CPU
		{AFAD0875-E163-4FD8-A0D7-19614353949C}.Debug|Any CPU.Build.0 = Debug|Any CPU
		{AFAD0875-E163-4FD8-A0D7-19614353949C}.Release|Any CPU.ActiveCfg = Release|Any CPU
		{AFAD0875-E163-4FD8-A0D7-19614353949C}.Release|Any CPU.Build.0 = Release|Any CPU
		{34AF3A1A-3EA3-4F72-AA5C-308AB39D1A14}.Debug|Any CPU.ActiveCfg = Debug|Any CPU
		{34AF3A1A-3EA3-4F72-AA5C-308AB39D1A14}.Debug|Any CPU.Build.0 = Debug|Any CPU
		{34AF3A1A-3EA3-4F72-AA5C-308AB39D1A14}.Release|Any CPU.ActiveCfg = Release|Any CPU
		{34AF3A1A-3EA3-4F72-AA5C-308AB39D1A14}.Release|Any CPU.Build.0 = Release|Any CPU
		{F522383B-29D0-49DF-941F-38EBFF8F8A60}.Debug|Any CPU.ActiveCfg = Debug|Any CPU
		{F522383B-29D0-49DF-941F-38EBFF8F8A60}.Debug|Any CPU.Build.0 = Debug|Any CPU
		{F522383B-29D0-49DF-941F-38EBFF8F8A60}.Release|Any CPU.ActiveCfg = Release|Any CPU
		{F522383B-29D0-49DF-941F-38EBFF8F8A60}.Release|Any CPU.Build.0 = Release|Any CPU
		{EC16F19B-E58C-40B2-A5BF-864909E15493}.Debug|Any CPU.ActiveCfg = Debug|Any CPU
		{EC16F19B-E58C-40B2-A5BF-864909E15493}.Debug|Any CPU.Build.0 = Debug|Any CPU
		{EC16F19B-E58C-40B2-A5BF-864909E15493}.Release|Any CPU.ActiveCfg = Release|Any CPU
		{EC16F19B-E58C-40B2-A5BF-864909E15493}.Release|Any CPU.Build.0 = Release|Any CPU
		{6134657E-ABE6-4F93-AA44-CC4A325E3EAF}.Debug|Any CPU.ActiveCfg = Debug|Any CPU
		{6134657E-ABE6-4F93-AA44-CC4A325E3EAF}.Debug|Any CPU.Build.0 = Debug|Any CPU
		{6134657E-ABE6-4F93-AA44-CC4A325E3EAF}.Release|Any CPU.ActiveCfg = Release|Any CPU
		{6134657E-ABE6-4F93-AA44-CC4A325E3EAF}.Release|Any CPU.Build.0 = Release|Any CPU
		{B6D0B39D-BE51-4C75-9292-F5F4F760EAD9}.Debug|Any CPU.ActiveCfg = Debug|Any CPU
		{B6D0B39D-BE51-4C75-9292-F5F4F760EAD9}.Debug|Any CPU.Build.0 = Debug|Any CPU
		{B6D0B39D-BE51-4C75-9292-F5F4F760EAD9}.Release|Any CPU.ActiveCfg = Release|Any CPU
		{B6D0B39D-BE51-4C75-9292-F5F4F760EAD9}.Release|Any CPU.Build.0 = Release|Any CPU
		{4F377143-6E70-489E-958C-07CD5562EAE1}.Debug|Any CPU.ActiveCfg = Debug|Any CPU
		{4F377143-6E70-489E-958C-07CD5562EAE1}.Debug|Any CPU.Build.0 = Debug|Any CPU
		{4F377143-6E70-489E-958C-07CD5562EAE1}.Release|Any CPU.ActiveCfg = Release|Any CPU
		{4F377143-6E70-489E-958C-07CD5562EAE1}.Release|Any CPU.Build.0 = Release|Any CPU
		{0B864422-3073-45C7-B5B8-5DE26FAF760E}.Debug|Any CPU.ActiveCfg = Debug|Any CPU
		{0B864422-3073-45C7-B5B8-5DE26FAF760E}.Debug|Any CPU.Build.0 = Debug|Any CPU
		{0B864422-3073-45C7-B5B8-5DE26FAF760E}.Release|Any CPU.ActiveCfg = Release|Any CPU
		{0B864422-3073-45C7-B5B8-5DE26FAF760E}.Release|Any CPU.Build.0 = Release|Any CPU
		{50325D5D-6281-4948-8E3C-5E25CA72C11B}.Debug|Any CPU.ActiveCfg = Debug|Any CPU
		{50325D5D-6281-4948-8E3C-5E25CA72C11B}.Debug|Any CPU.Build.0 = Debug|Any CPU
		{50325D5D-6281-4948-8E3C-5E25CA72C11B}.Release|Any CPU.ActiveCfg = Release|Any CPU
		{50325D5D-6281-4948-8E3C-5E25CA72C11B}.Release|Any CPU.Build.0 = Release|Any CPU
		{39730DCD-8C4C-48D1-ADD4-1401E102417C}.Debug|Any CPU.ActiveCfg = Debug|Any CPU
		{39730DCD-8C4C-48D1-ADD4-1401E102417C}.Debug|Any CPU.Build.0 = Debug|Any CPU
		{39730DCD-8C4C-48D1-ADD4-1401E102417C}.Release|Any CPU.ActiveCfg = Release|Any CPU
		{39730DCD-8C4C-48D1-ADD4-1401E102417C}.Release|Any CPU.Build.0 = Release|Any CPU
		{E3794CEE-11FA-4FDF-B350-144F362E9FA4}.Debug|Any CPU.ActiveCfg = Debug|Any CPU
		{E3794CEE-11FA-4FDF-B350-144F362E9FA4}.Debug|Any CPU.Build.0 = Debug|Any CPU
		{E3794CEE-11FA-4FDF-B350-144F362E9FA4}.Release|Any CPU.ActiveCfg = Release|Any CPU
		{E3794CEE-11FA-4FDF-B350-144F362E9FA4}.Release|Any CPU.Build.0 = Release|Any CPU
		{252D8E79-66A0-409E-AD04-CADF899F4A47}.Debug|Any CPU.ActiveCfg = Debug|Any CPU
		{252D8E79-66A0-409E-AD04-CADF899F4A47}.Debug|Any CPU.Build.0 = Debug|Any CPU
		{252D8E79-66A0-409E-AD04-CADF899F4A47}.Release|Any CPU.ActiveCfg = Release|Any CPU
		{252D8E79-66A0-409E-AD04-CADF899F4A47}.Release|Any CPU.Build.0 = Release|Any CPU
		{5DAC05BF-0D77-4C04-B41B-F4C8122D01F8}.Debug|Any CPU.ActiveCfg = Debug|Any CPU
		{5DAC05BF-0D77-4C04-B41B-F4C8122D01F8}.Debug|Any CPU.Build.0 = Debug|Any CPU
		{5DAC05BF-0D77-4C04-B41B-F4C8122D01F8}.Release|Any CPU.ActiveCfg = Release|Any CPU
		{5DAC05BF-0D77-4C04-B41B-F4C8122D01F8}.Release|Any CPU.Build.0 = Release|Any CPU
		{2510DB45-6045-4A52-8D59-E8B35DCB8E75}.Debug|Any CPU.ActiveCfg = Debug|Any CPU
		{2510DB45-6045-4A52-8D59-E8B35DCB8E75}.Debug|Any CPU.Build.0 = Debug|Any CPU
		{2510DB45-6045-4A52-8D59-E8B35DCB8E75}.Release|Any CPU.ActiveCfg = Release|Any CPU
		{2510DB45-6045-4A52-8D59-E8B35DCB8E75}.Release|Any CPU.Build.0 = Release|Any CPU
		{9C30B8B1-40BD-4F50-A614-9000779CF240}.Debug|Any CPU.ActiveCfg = Debug|Any CPU
		{9C30B8B1-40BD-4F50-A614-9000779CF240}.Debug|Any CPU.Build.0 = Debug|Any CPU
		{9C30B8B1-40BD-4F50-A614-9000779CF240}.Release|Any CPU.ActiveCfg = Release|Any CPU
		{9C30B8B1-40BD-4F50-A614-9000779CF240}.Release|Any CPU.Build.0 = Release|Any CPU
		{7C6CEDD5-E8F3-4B68-8AEA-F671D5F84A7F}.Debug|Any CPU.ActiveCfg = Debug|Any CPU
		{7C6CEDD5-E8F3-4B68-8AEA-F671D5F84A7F}.Debug|Any CPU.Build.0 = Debug|Any CPU
		{7C6CEDD5-E8F3-4B68-8AEA-F671D5F84A7F}.Release|Any CPU.ActiveCfg = Release|Any CPU
		{7C6CEDD5-E8F3-4B68-8AEA-F671D5F84A7F}.Release|Any CPU.Build.0 = Release|Any CPU
		{48C148F9-7B62-41C5-9C3A-BB2EEB415A5F}.Debug|Any CPU.ActiveCfg = Debug|Any CPU
		{48C148F9-7B62-41C5-9C3A-BB2EEB415A5F}.Debug|Any CPU.Build.0 = Debug|Any CPU
		{48C148F9-7B62-41C5-9C3A-BB2EEB415A5F}.Release|Any CPU.ActiveCfg = Release|Any CPU
		{48C148F9-7B62-41C5-9C3A-BB2EEB415A5F}.Release|Any CPU.Build.0 = Release|Any CPU
		{E78D35F8-D6CE-4565-B190-F536959D952F}.Debug|Any CPU.ActiveCfg = Debug|Any CPU
		{E78D35F8-D6CE-4565-B190-F536959D952F}.Debug|Any CPU.Build.0 = Debug|Any CPU
		{E78D35F8-D6CE-4565-B190-F536959D952F}.Release|Any CPU.ActiveCfg = Release|Any CPU
		{E78D35F8-D6CE-4565-B190-F536959D952F}.Release|Any CPU.Build.0 = Release|Any CPU
		{8621762F-FD79-4288-9587-40A1EB53B55F}.Debug|Any CPU.ActiveCfg = Debug|Any CPU
		{8621762F-FD79-4288-9587-40A1EB53B55F}.Debug|Any CPU.Build.0 = Debug|Any CPU
		{8621762F-FD79-4288-9587-40A1EB53B55F}.Release|Any CPU.ActiveCfg = Release|Any CPU
		{8621762F-FD79-4288-9587-40A1EB53B55F}.Release|Any CPU.Build.0 = Release|Any CPU
		{CAD9E384-ECD5-47DA-ACF7-9D25BB66BDAE}.Debug|Any CPU.ActiveCfg = Debug|Any CPU
		{CAD9E384-ECD5-47DA-ACF7-9D25BB66BDAE}.Debug|Any CPU.Build.0 = Debug|Any CPU
		{CAD9E384-ECD5-47DA-ACF7-9D25BB66BDAE}.Release|Any CPU.ActiveCfg = Release|Any CPU
		{CAD9E384-ECD5-47DA-ACF7-9D25BB66BDAE}.Release|Any CPU.Build.0 = Release|Any CPU
		{425C93FA-8B0E-4499-BE5E-5A733BBEB4E2}.Debug|Any CPU.ActiveCfg = Debug|Any CPU
		{425C93FA-8B0E-4499-BE5E-5A733BBEB4E2}.Debug|Any CPU.Build.0 = Debug|Any CPU
		{425C93FA-8B0E-4499-BE5E-5A733BBEB4E2}.Release|Any CPU.ActiveCfg = Release|Any CPU
		{425C93FA-8B0E-4499-BE5E-5A733BBEB4E2}.Release|Any CPU.Build.0 = Release|Any CPU
		{A2DD57FF-AEB0-41AC-AC11-CA5B14D50242}.Debug|Any CPU.ActiveCfg = Debug|Any CPU
		{A2DD57FF-AEB0-41AC-AC11-CA5B14D50242}.Debug|Any CPU.Build.0 = Debug|Any CPU
		{A2DD57FF-AEB0-41AC-AC11-CA5B14D50242}.Release|Any CPU.ActiveCfg = Release|Any CPU
		{A2DD57FF-AEB0-41AC-AC11-CA5B14D50242}.Release|Any CPU.Build.0 = Release|Any CPU
		{E86CD326-204D-4819-AF1B-2D4EBCD7B994}.Debug|Any CPU.ActiveCfg = Debug|Any CPU
		{E86CD326-204D-4819-AF1B-2D4EBCD7B994}.Debug|Any CPU.Build.0 = Debug|Any CPU
		{E86CD326-204D-4819-AF1B-2D4EBCD7B994}.Release|Any CPU.ActiveCfg = Release|Any CPU
		{E86CD326-204D-4819-AF1B-2D4EBCD7B994}.Release|Any CPU.Build.0 = Release|Any CPU
		{25215F0D-6AC0-436E-B235-6C55F8745354}.Debug|Any CPU.ActiveCfg = Debug|Any CPU
		{25215F0D-6AC0-436E-B235-6C55F8745354}.Debug|Any CPU.Build.0 = Debug|Any CPU
		{25215F0D-6AC0-436E-B235-6C55F8745354}.Release|Any CPU.ActiveCfg = Release|Any CPU
		{25215F0D-6AC0-436E-B235-6C55F8745354}.Release|Any CPU.Build.0 = Release|Any CPU
		{7CD4B756-0213-494F-AE54-8F7754CFE53A}.Debug|Any CPU.ActiveCfg = Debug|Any CPU
		{7CD4B756-0213-494F-AE54-8F7754CFE53A}.Debug|Any CPU.Build.0 = Debug|Any CPU
		{7CD4B756-0213-494F-AE54-8F7754CFE53A}.Release|Any CPU.ActiveCfg = Release|Any CPU
		{7CD4B756-0213-494F-AE54-8F7754CFE53A}.Release|Any CPU.Build.0 = Release|Any CPU
		{ECA6B4C6-8DAC-45CA-95FD-3F439085C3AB}.Debug|Any CPU.ActiveCfg = Debug|Any CPU
		{ECA6B4C6-8DAC-45CA-95FD-3F439085C3AB}.Debug|Any CPU.Build.0 = Debug|Any CPU
		{ECA6B4C6-8DAC-45CA-95FD-3F439085C3AB}.Release|Any CPU.ActiveCfg = Release|Any CPU
		{ECA6B4C6-8DAC-45CA-95FD-3F439085C3AB}.Release|Any CPU.Build.0 = Release|Any CPU
		{718DB538-D52D-4CCB-9E5E-9DC75091E7BB}.Debug|Any CPU.ActiveCfg = Debug|Any CPU
		{718DB538-D52D-4CCB-9E5E-9DC75091E7BB}.Debug|Any CPU.Build.0 = Debug|Any CPU
		{718DB538-D52D-4CCB-9E5E-9DC75091E7BB}.Release|Any CPU.ActiveCfg = Release|Any CPU
		{718DB538-D52D-4CCB-9E5E-9DC75091E7BB}.Release|Any CPU.Build.0 = Release|Any CPU
		{6E1F6ADD-54A2-4D96-9ED4-31F382D6EB07}.Debug|Any CPU.ActiveCfg = Debug|Any CPU
		{6E1F6ADD-54A2-4D96-9ED4-31F382D6EB07}.Debug|Any CPU.Build.0 = Debug|Any CPU
		{6E1F6ADD-54A2-4D96-9ED4-31F382D6EB07}.Release|Any CPU.ActiveCfg = Release|Any CPU
		{6E1F6ADD-54A2-4D96-9ED4-31F382D6EB07}.Release|Any CPU.Build.0 = Release|Any CPU
		{56691F63-5166-425E-8045-F723F34FB2AC}.Debug|Any CPU.ActiveCfg = Debug|Any CPU
		{56691F63-5166-425E-8045-F723F34FB2AC}.Debug|Any CPU.Build.0 = Debug|Any CPU
		{56691F63-5166-425E-8045-F723F34FB2AC}.Release|Any CPU.ActiveCfg = Release|Any CPU
		{56691F63-5166-425E-8045-F723F34FB2AC}.Release|Any CPU.Build.0 = Release|Any CPU
		{EE495C7D-EDAE-4C04-A0E3-F0F9A551E055}.Debug|Any CPU.ActiveCfg = Debug|Any CPU
		{EE495C7D-EDAE-4C04-A0E3-F0F9A551E055}.Debug|Any CPU.Build.0 = Debug|Any CPU
		{EE495C7D-EDAE-4C04-A0E3-F0F9A551E055}.Release|Any CPU.ActiveCfg = Release|Any CPU
		{EE495C7D-EDAE-4C04-A0E3-F0F9A551E055}.Release|Any CPU.Build.0 = Release|Any CPU
		{3DB25F19-7A4F-4BBA-8067-5A0D8E7F7B3C}.Debug|Any CPU.ActiveCfg = Debug|Any CPU
		{3DB25F19-7A4F-4BBA-8067-5A0D8E7F7B3C}.Debug|Any CPU.Build.0 = Debug|Any CPU
		{3DB25F19-7A4F-4BBA-8067-5A0D8E7F7B3C}.Release|Any CPU.ActiveCfg = Release|Any CPU
		{3DB25F19-7A4F-4BBA-8067-5A0D8E7F7B3C}.Release|Any CPU.Build.0 = Release|Any CPU
		{AAC9FB4E-CED2-4C47-885E-AD3AAA01E45C}.Debug|Any CPU.ActiveCfg = Debug|Any CPU
		{AAC9FB4E-CED2-4C47-885E-AD3AAA01E45C}.Debug|Any CPU.Build.0 = Debug|Any CPU
		{AAC9FB4E-CED2-4C47-885E-AD3AAA01E45C}.Release|Any CPU.ActiveCfg = Release|Any CPU
		{AAC9FB4E-CED2-4C47-885E-AD3AAA01E45C}.Release|Any CPU.Build.0 = Release|Any CPU
		{AFC17652-FED3-4950-98C1-F4181658B484}.Debug|Any CPU.ActiveCfg = Debug|Any CPU
		{AFC17652-FED3-4950-98C1-F4181658B484}.Debug|Any CPU.Build.0 = Debug|Any CPU
		{AFC17652-FED3-4950-98C1-F4181658B484}.Release|Any CPU.ActiveCfg = Release|Any CPU
		{AFC17652-FED3-4950-98C1-F4181658B484}.Release|Any CPU.Build.0 = Release|Any CPU
		{8D3FA89A-54EF-4F91-B3BD-05755761D2F5}.Debug|Any CPU.ActiveCfg = Debug|Any CPU
		{8D3FA89A-54EF-4F91-B3BD-05755761D2F5}.Debug|Any CPU.Build.0 = Debug|Any CPU
		{8D3FA89A-54EF-4F91-B3BD-05755761D2F5}.Release|Any CPU.ActiveCfg = Release|Any CPU
		{8D3FA89A-54EF-4F91-B3BD-05755761D2F5}.Release|Any CPU.Build.0 = Release|Any CPU
		{61C3F4A1-BF88-4638-B554-BDABD43A0916}.Debug|Any CPU.ActiveCfg = Debug|Any CPU
		{61C3F4A1-BF88-4638-B554-BDABD43A0916}.Debug|Any CPU.Build.0 = Debug|Any CPU
		{61C3F4A1-BF88-4638-B554-BDABD43A0916}.Release|Any CPU.ActiveCfg = Release|Any CPU
		{61C3F4A1-BF88-4638-B554-BDABD43A0916}.Release|Any CPU.Build.0 = Release|Any CPU
		{9AB24EBB-C65E-4E6F-BC10-40AE31F03547}.Debug|Any CPU.ActiveCfg = Debug|Any CPU
		{9AB24EBB-C65E-4E6F-BC10-40AE31F03547}.Debug|Any CPU.Build.0 = Debug|Any CPU
		{9AB24EBB-C65E-4E6F-BC10-40AE31F03547}.Release|Any CPU.ActiveCfg = Release|Any CPU
		{9AB24EBB-C65E-4E6F-BC10-40AE31F03547}.Release|Any CPU.Build.0 = Release|Any CPU
		{8D19177E-A72C-465B-89BE-258B71BA61E8}.Debug|Any CPU.ActiveCfg = Debug|Any CPU
		{8D19177E-A72C-465B-89BE-258B71BA61E8}.Debug|Any CPU.Build.0 = Debug|Any CPU
		{8D19177E-A72C-465B-89BE-258B71BA61E8}.Release|Any CPU.ActiveCfg = Release|Any CPU
		{8D19177E-A72C-465B-89BE-258B71BA61E8}.Release|Any CPU.Build.0 = Release|Any CPU
		{2E5385D3-1C98-4061-9D95-65AD5106D26D}.Debug|Any CPU.ActiveCfg = Debug|Any CPU
		{2E5385D3-1C98-4061-9D95-65AD5106D26D}.Debug|Any CPU.Build.0 = Debug|Any CPU
		{2E5385D3-1C98-4061-9D95-65AD5106D26D}.Release|Any CPU.ActiveCfg = Release|Any CPU
		{2E5385D3-1C98-4061-9D95-65AD5106D26D}.Release|Any CPU.Build.0 = Release|Any CPU
		{4B6F31D6-758D-4AF8-A7D4-174DD2F223AA}.Debug|Any CPU.ActiveCfg = Debug|Any CPU
		{4B6F31D6-758D-4AF8-A7D4-174DD2F223AA}.Debug|Any CPU.Build.0 = Debug|Any CPU
		{4B6F31D6-758D-4AF8-A7D4-174DD2F223AA}.Release|Any CPU.ActiveCfg = Release|Any CPU
		{4B6F31D6-758D-4AF8-A7D4-174DD2F223AA}.Release|Any CPU.Build.0 = Release|Any CPU
		{EA9E5658-9FD1-4B14-8B48-BAE203981DFF}.Debug|Any CPU.ActiveCfg = Debug|Any CPU
		{EA9E5658-9FD1-4B14-8B48-BAE203981DFF}.Debug|Any CPU.Build.0 = Debug|Any CPU
		{EA9E5658-9FD1-4B14-8B48-BAE203981DFF}.Release|Any CPU.ActiveCfg = Release|Any CPU
		{EA9E5658-9FD1-4B14-8B48-BAE203981DFF}.Release|Any CPU.Build.0 = Release|Any CPU
		{3F28D683-0839-4BA6-9144-A43421C48F17}.Debug|Any CPU.ActiveCfg = Debug|Any CPU
		{3F28D683-0839-4BA6-9144-A43421C48F17}.Debug|Any CPU.Build.0 = Debug|Any CPU
		{3F28D683-0839-4BA6-9144-A43421C48F17}.Release|Any CPU.ActiveCfg = Release|Any CPU
		{3F28D683-0839-4BA6-9144-A43421C48F17}.Release|Any CPU.Build.0 = Release|Any CPU
		{A6686959-3E57-4068-A86B-D0B0D8B15C3C}.Debug|Any CPU.ActiveCfg = Debug|Any CPU
		{A6686959-3E57-4068-A86B-D0B0D8B15C3C}.Debug|Any CPU.Build.0 = Debug|Any CPU
		{A6686959-3E57-4068-A86B-D0B0D8B15C3C}.Release|Any CPU.ActiveCfg = Release|Any CPU
		{A6686959-3E57-4068-A86B-D0B0D8B15C3C}.Release|Any CPU.Build.0 = Release|Any CPU
		{3FF242F5-0A16-4532-A5B0-EAAA4AFEDD4D}.Debug|Any CPU.ActiveCfg = Debug|Any CPU
		{3FF242F5-0A16-4532-A5B0-EAAA4AFEDD4D}.Debug|Any CPU.Build.0 = Debug|Any CPU
		{3FF242F5-0A16-4532-A5B0-EAAA4AFEDD4D}.Release|Any CPU.ActiveCfg = Release|Any CPU
		{3FF242F5-0A16-4532-A5B0-EAAA4AFEDD4D}.Release|Any CPU.Build.0 = Release|Any CPU
		{16070265-1C58-42DC-9B22-FACAF7884A2F}.Debug|Any CPU.ActiveCfg = Debug|Any CPU
		{16070265-1C58-42DC-9B22-FACAF7884A2F}.Debug|Any CPU.Build.0 = Debug|Any CPU
		{16070265-1C58-42DC-9B22-FACAF7884A2F}.Release|Any CPU.ActiveCfg = Release|Any CPU
		{16070265-1C58-42DC-9B22-FACAF7884A2F}.Release|Any CPU.Build.0 = Release|Any CPU
		{B9B754F6-D627-4A53-B503-F6DC2A61FCB9}.Debug|Any CPU.ActiveCfg = Debug|Any CPU
		{B9B754F6-D627-4A53-B503-F6DC2A61FCB9}.Debug|Any CPU.Build.0 = Debug|Any CPU
		{B9B754F6-D627-4A53-B503-F6DC2A61FCB9}.Release|Any CPU.ActiveCfg = Release|Any CPU
		{B9B754F6-D627-4A53-B503-F6DC2A61FCB9}.Release|Any CPU.Build.0 = Release|Any CPU
	EndGlobalSection
	GlobalSection(SolutionProperties) = preSolution
		HideSolutionNode = FALSE
	EndGlobalSection
	GlobalSection(NestedProjects) = preSolution
		{43102F4E-1583-4FC3-B48C-0637AA4F33CC} = {38B7F46D-0739-4864-8AF4-9F6B1679E6DD}
		{43B196CB-ED9F-4109-95F2-7D0C9E912D5F} = {43102F4E-1583-4FC3-B48C-0637AA4F33CC}
		{FCA29303-072A-4D1D-9C91-07C5F4346DC0} = {43102F4E-1583-4FC3-B48C-0637AA4F33CC}
		{12600F94-E6E0-48A8-81FE-60AB1E95AD47} = {43102F4E-1583-4FC3-B48C-0637AA4F33CC}
		{4EBC24F4-5F0E-410F-B484-9B683F820B38} = {43102F4E-1583-4FC3-B48C-0637AA4F33CC}
		{EE772389-12AE-420D-8453-8AAC5DFEBD6E} = {43102F4E-1583-4FC3-B48C-0637AA4F33CC}
		{F134E5B7-6569-44F8-811B-508F32ED182F} = {38B7F46D-0739-4864-8AF4-9F6B1679E6DD}
		{0DF60CF4-EEA0-4BB4-9887-D28D6FE19E77} = {F134E5B7-6569-44F8-811B-508F32ED182F}
		{9B776D30-C206-48CF-9E63-57C321874CA4} = {0DF60CF4-EEA0-4BB4-9887-D28D6FE19E77}
		{8AB1883E-FB71-4445-B7F8-9DC8F9C580FA} = {0DF60CF4-EEA0-4BB4-9887-D28D6FE19E77}
		{E3CC9702-C515-4B6C-B6B3-018322094036} = {0DF60CF4-EEA0-4BB4-9887-D28D6FE19E77}
		{E5C6D6A3-BF35-4064-BD7D-1FDFF7F753D3} = {0DF60CF4-EEA0-4BB4-9887-D28D6FE19E77}
		{31225EB6-756A-4AF8-A5F8-6F58DE0110C5} = {0DF60CF4-EEA0-4BB4-9887-D28D6FE19E77}
		{B4002FA8-EBE7-4380-BB3D-CD1B0DA6406D} = {0DF60CF4-EEA0-4BB4-9887-D28D6FE19E77}
		{FC97006C-78CA-4053-B1B5-8980E9B05896} = {0DF60CF4-EEA0-4BB4-9887-D28D6FE19E77}
		{A1DBD4DE-FCF1-4676-AEFC-777C5E4D6345} = {0DF60CF4-EEA0-4BB4-9887-D28D6FE19E77}
		{8E3AC864-1C7F-4543-93A4-27141559A23A} = {0DF60CF4-EEA0-4BB4-9887-D28D6FE19E77}
		{1BCC9FF6-044E-4506-992F-AC75453806AE} = {0DF60CF4-EEA0-4BB4-9887-D28D6FE19E77}
		{4A19D51E-20D2-45E6-BEFC-E1DC15106F63} = {0DF60CF4-EEA0-4BB4-9887-D28D6FE19E77}
		{8E44A769-06A6-4689-B80E-9A33007CAF59} = {0DF60CF4-EEA0-4BB4-9887-D28D6FE19E77}
		{2612F161-EFBF-4742-AE4F-5C4222C46560} = {0DF60CF4-EEA0-4BB4-9887-D28D6FE19E77}
		{DA8C7CC9-D74E-4C10-B635-69BBDBC3A0E5} = {0DF60CF4-EEA0-4BB4-9887-D28D6FE19E77}
		{4169FF1C-2A44-4DD5-86E9-DD3C5159575C} = {0DF60CF4-EEA0-4BB4-9887-D28D6FE19E77}
		{F6DE3D25-413C-4442-84B3-CDA16105B280} = {0DF60CF4-EEA0-4BB4-9887-D28D6FE19E77}
		{5E95C0E4-3F68-4E92-80A8-80A26062A0B8} = {0DF60CF4-EEA0-4BB4-9887-D28D6FE19E77}
		{2EFFB73C-361B-464B-BDED-ECCDF04D8EA0} = {0DF60CF4-EEA0-4BB4-9887-D28D6FE19E77}
		{C722ED62-4FA4-4D89-A9AD-64F7EB227FF2} = {F134E5B7-6569-44F8-811B-508F32ED182F}
		{6A43FBDA-62B5-4CA1-9107-BFB1EB9B61AD} = {C722ED62-4FA4-4D89-A9AD-64F7EB227FF2}
		{78BAD043-9F31-4093-8888-701BA405E049} = {C722ED62-4FA4-4D89-A9AD-64F7EB227FF2}
		{E387BECE-5A11-4BE5-B679-37F2BE54A9ED} = {C722ED62-4FA4-4D89-A9AD-64F7EB227FF2}
		{F60B7F79-EA60-4870-8F84-631E09FC528A} = {C722ED62-4FA4-4D89-A9AD-64F7EB227FF2}
		{4E9B8417-6604-4B47-B1BB-16A6B868946A} = {C722ED62-4FA4-4D89-A9AD-64F7EB227FF2}
		{92BFBA53-D8E5-4BBE-920D-01BADE0E4DF5} = {C722ED62-4FA4-4D89-A9AD-64F7EB227FF2}
		{337915E5-6325-4D74-A801-45B727DF78B8} = {F134E5B7-6569-44F8-811B-508F32ED182F}
		{B26B011A-D748-45E6-85FA-C8FB74452D5B} = {337915E5-6325-4D74-A801-45B727DF78B8}
		{89C373A0-5357-4420-AF7F-5CB4831FF387} = {337915E5-6325-4D74-A801-45B727DF78B8}
		{2EC47FFE-4E2B-4C2D-A5AE-8B3CEC96E79E} = {337915E5-6325-4D74-A801-45B727DF78B8}
		{00BD788D-3F86-4882-8418-41FAE6D93F2D} = {337915E5-6325-4D74-A801-45B727DF78B8}
		{7E2C4C40-BC8F-4D1F-91D5-A9D961BA89C5} = {337915E5-6325-4D74-A801-45B727DF78B8}
		{F8986E84-9D82-480E-B259-B0D18A0619D6} = {337915E5-6325-4D74-A801-45B727DF78B8}
		{DAD4E4A8-778C-4222-B335-743361F8D641} = {38B7F46D-0739-4864-8AF4-9F6B1679E6DD}
		{375F3E63-91DD-41C7-977C-10150F9B2D0C} = {DAD4E4A8-778C-4222-B335-743361F8D641}
		{A341C523-49AB-4D4D-900F-59746980E8CE} = {375F3E63-91DD-41C7-977C-10150F9B2D0C}
		{014C96DA-2708-41B5-BFCB-6B35AB953471} = {375F3E63-91DD-41C7-977C-10150F9B2D0C}
		{F5C673A6-EBA4-48E8-8D3C-0429A50E4491} = {375F3E63-91DD-41C7-977C-10150F9B2D0C}
		{AF5935CA-4A08-42DC-8ACF-01F837FE38B9} = {375F3E63-91DD-41C7-977C-10150F9B2D0C}
		{0E68BD6E-85E0-4FAC-81DD-0EA89B22129E} = {375F3E63-91DD-41C7-977C-10150F9B2D0C}
		{55F276DB-4C75-469F-8AA8-461E13394900} = {375F3E63-91DD-41C7-977C-10150F9B2D0C}
		{261CD190-3F03-4D44-82DE-AE5B2BCBA22A} = {375F3E63-91DD-41C7-977C-10150F9B2D0C}
		{231C6824-26EB-4983-AA05-2C238FFF57E9} = {375F3E63-91DD-41C7-977C-10150F9B2D0C}
		{CE369F1E-1766-4360-AE5A-D6B5B9A418E0} = {375F3E63-91DD-41C7-977C-10150F9B2D0C}
		{73D3B4B2-681E-4C6E-BCB2-7D80D9B62B74} = {375F3E63-91DD-41C7-977C-10150F9B2D0C}
		{3A0301E3-892C-48BF-B8A5-50599B61DA1E} = {375F3E63-91DD-41C7-977C-10150F9B2D0C}
		{04EA4AC6-E755-45A6-A778-0B03BAF54584} = {375F3E63-91DD-41C7-977C-10150F9B2D0C}
		{412A3EB8-6CA5-415A-B5E5-35B0AB6EA384} = {375F3E63-91DD-41C7-977C-10150F9B2D0C}
		{44874695-0586-4EB2-BEE4-9B7BA400B041} = {375F3E63-91DD-41C7-977C-10150F9B2D0C}
		{463C8161-42B1-451D-AD2D-C6F0A041AF13} = {375F3E63-91DD-41C7-977C-10150F9B2D0C}
		{4645AF48-C6CC-496E-BF1F-3BC7D85A0839} = {DAD4E4A8-778C-4222-B335-743361F8D641}
		{DB2CE983-2D9A-4054-8D30-919F8E06A035} = {4645AF48-C6CC-496E-BF1F-3BC7D85A0839}
		{1F9A4116-C727-4EEC-9596-D20164054231} = {4645AF48-C6CC-496E-BF1F-3BC7D85A0839}
		{884BA51B-9824-4152-9E08-6D6F7CB18B5F} = {4645AF48-C6CC-496E-BF1F-3BC7D85A0839}
		{8EE5304C-901E-42E9-9A8E-52F56CC7802E} = {38B7F46D-0739-4864-8AF4-9F6B1679E6DD}
		{49F8B1A9-ECF6-40C5-ACFF-62A14125FABE} = {8EE5304C-901E-42E9-9A8E-52F56CC7802E}
		{C7BB6DEA-B6B4-4886-B6F5-AC43CEF8DD3B} = {49F8B1A9-ECF6-40C5-ACFF-62A14125FABE}
		{E2925041-AFC9-432B-96DC-FF1D1C282BDE} = {49F8B1A9-ECF6-40C5-ACFF-62A14125FABE}
		{EBADAD66-B3EE-47FD-A3CC-D08D1B1418A0} = {49F8B1A9-ECF6-40C5-ACFF-62A14125FABE}
		{14566977-658B-4832-A379-798A6D99359C} = {49F8B1A9-ECF6-40C5-ACFF-62A14125FABE}
		{04E5A9BF-20DE-4BF2-9EEA-56801F82045D} = {49F8B1A9-ECF6-40C5-ACFF-62A14125FABE}
		{B5168DA2-553E-4B09-8C83-EAC3118D9876} = {49F8B1A9-ECF6-40C5-ACFF-62A14125FABE}
		{4E0E2D60-35DF-484B-B7F2-F67D6AD6E3E9} = {49F8B1A9-ECF6-40C5-ACFF-62A14125FABE}
		{ECDA57FD-011E-487E-9D69-BBC64E948F21} = {49F8B1A9-ECF6-40C5-ACFF-62A14125FABE}
		{E92EEAE5-36E1-451C-8DBB-87974DAEAAAF} = {49F8B1A9-ECF6-40C5-ACFF-62A14125FABE}
		{9A67FFAF-823C-4218-A28A-1B58CBD5C357} = {8EE5304C-901E-42E9-9A8E-52F56CC7802E}
		{ADCC4FD5-C26D-49A0-ADFB-0925C1FCE527} = {9A67FFAF-823C-4218-A28A-1B58CBD5C357}
		{A0B186C7-0997-455E-BC65-2210DAC499C1} = {9A67FFAF-823C-4218-A28A-1B58CBD5C357}
		{0B41834B-3F38-42E6-9B30-8E1DFA4F9549} = {9A67FFAF-823C-4218-A28A-1B58CBD5C357}
		{C39AF0E8-7FA2-420B-9F8D-04AB5DB85F0D} = {9A67FFAF-823C-4218-A28A-1B58CBD5C357}
		{1595F4E7-00A0-4FE9-ABEB-95A4DEF11D72} = {9A67FFAF-823C-4218-A28A-1B58CBD5C357}
		{D29CE96B-FB5C-43A1-9E17-B7244873FF85} = {38B7F46D-0739-4864-8AF4-9F6B1679E6DD}
		{00130FE2-DBCC-4F0E-8CA1-3F0704943397} = {D29CE96B-FB5C-43A1-9E17-B7244873FF85}
		{DFD2587D-DF74-4767-87EF-8975F791F696} = {00130FE2-DBCC-4F0E-8CA1-3F0704943397}
		{305C7035-9DBA-4AD1-9EE3-B25A5DD5174C} = {00130FE2-DBCC-4F0E-8CA1-3F0704943397}
		{C3A86AD5-22DC-4A5C-85BB-DCF3B0F96DEF} = {00130FE2-DBCC-4F0E-8CA1-3F0704943397}
		{CB869C2F-BA43-4B0C-9D1E-7DE1FDBA6D1F} = {00130FE2-DBCC-4F0E-8CA1-3F0704943397}
		{4CD6A314-9889-4DB5-B119-B9E84D950091} = {00130FE2-DBCC-4F0E-8CA1-3F0704943397}
		{37A3F0BF-3B18-46E8-826C-C2501E6183D5} = {00130FE2-DBCC-4F0E-8CA1-3F0704943397}
		{DB7D4618-289C-441C-B5F1-73B67D9F4F86} = {00130FE2-DBCC-4F0E-8CA1-3F0704943397}
		{802B52C8-A2E3-4551-96B5-A02B707D3FE4} = {00130FE2-DBCC-4F0E-8CA1-3F0704943397}
		{A821FF6F-8882-417E-B7FD-12CA43B3F834} = {00130FE2-DBCC-4F0E-8CA1-3F0704943397}
		{83B9CCB3-69BA-4FAF-A818-E7C6599E3008} = {00130FE2-DBCC-4F0E-8CA1-3F0704943397}
		{EE54450E-A7E3-4CE2-8841-1D76BD32BFEE} = {00130FE2-DBCC-4F0E-8CA1-3F0704943397}
		{0481D24C-647B-4FCA-A9B0-5FBC8A83785C} = {00130FE2-DBCC-4F0E-8CA1-3F0704943397}
		{F34E464A-6C22-4F04-BFA3-56A9A1AB6B40} = {00130FE2-DBCC-4F0E-8CA1-3F0704943397}
		{F5D2A75C-7183-4120-BD29-5842B85EF087} = {00130FE2-DBCC-4F0E-8CA1-3F0704943397}
		{B59F06C2-2A96-469F-9511-49A5FEB4F85F} = {00130FE2-DBCC-4F0E-8CA1-3F0704943397}
		{359D4281-A19E-4271-A69C-4E9A1A6CFA7A} = {00130FE2-DBCC-4F0E-8CA1-3F0704943397}
		{EDF0CDCB-A256-4383-8F9A-F68642C0A08C} = {00130FE2-DBCC-4F0E-8CA1-3F0704943397}
		{0071467B-0321-4D38-A542-6EA61C5F2180} = {00130FE2-DBCC-4F0E-8CA1-3F0704943397}
		{1D5AB31D-7825-4057-9E0D-358AD8ADD95D} = {00130FE2-DBCC-4F0E-8CA1-3F0704943397}
		{E3991298-F3E3-4312-BDA3-0B5F047721CC} = {D29CE96B-FB5C-43A1-9E17-B7244873FF85}
		{DAFE4569-7091-4448-A546-F5883D9A87AB} = {E3991298-F3E3-4312-BDA3-0B5F047721CC}
		{B882E31B-7BE6-4A99-A0D9-21A197B406E2} = {E3991298-F3E3-4312-BDA3-0B5F047721CC}
		{5AC94A06-DB93-45E4-88AA-BE67D73FBE90} = {D29CE96B-FB5C-43A1-9E17-B7244873FF85}
		{F68AB4C0-1C9B-49C4-8658-87871C267A2C} = {5AC94A06-DB93-45E4-88AA-BE67D73FBE90}
		{8A2552A2-E687-4E5F-AAD4-70018983C23F} = {5AC94A06-DB93-45E4-88AA-BE67D73FBE90}
		{BF1C43A7-8200-469C-B9D8-326BE4B2FAB2} = {5AC94A06-DB93-45E4-88AA-BE67D73FBE90}
		{06F38A6E-0AB4-4EF3-8325-62ADB3B2BCFC} = {5AC94A06-DB93-45E4-88AA-BE67D73FBE90}
		{2EBFD647-1E80-406F-ABEA-FA897AFE5A23} = {38B7F46D-0739-4864-8AF4-9F6B1679E6DD}
		{7230E88C-0C0E-4ED4-9930-F456647BF55D} = {2EBFD647-1E80-406F-ABEA-FA897AFE5A23}
		{3DB376E5-3561-471D-AC7B-5CB09EAF9498} = {7230E88C-0C0E-4ED4-9930-F456647BF55D}
		{FC6145F5-BA63-4F11-8815-4DA96EB7A4F4} = {7230E88C-0C0E-4ED4-9930-F456647BF55D}
		{8CC147C1-0373-497C-9F7A-1BDCE63613FA} = {7230E88C-0C0E-4ED4-9930-F456647BF55D}
		{3A8DA4FF-603F-4380-8002-037301569CD9} = {7230E88C-0C0E-4ED4-9930-F456647BF55D}
		{72F6195F-BA18-4D91-872E-17839372EDB8} = {7230E88C-0C0E-4ED4-9930-F456647BF55D}
		{C170F048-D2B1-4846-97BE-849CCC27DC73} = {7230E88C-0C0E-4ED4-9930-F456647BF55D}
		{E229BDE4-24E3-49AA-BC4F-F5D67C30EB9A} = {7230E88C-0C0E-4ED4-9930-F456647BF55D}
		{B6D6F09D-DC0E-4E27-B23D-DF6608F7366E} = {7230E88C-0C0E-4ED4-9930-F456647BF55D}
		{B8325561-1257-4232-B0E4-59FF855A6C38} = {7230E88C-0C0E-4ED4-9930-F456647BF55D}
		{DC474F81-9BC6-4B26-AFA3-BE08C1696D60} = {7230E88C-0C0E-4ED4-9930-F456647BF55D}
		{7BA6A195-03FF-4A28-8411-E47966CC1FD2} = {7230E88C-0C0E-4ED4-9930-F456647BF55D}
		{B0C2CC0E-C893-4A23-92F8-5200E3F2D0C0} = {7230E88C-0C0E-4ED4-9930-F456647BF55D}
		{4BFE7280-C698-4404-B672-7331AF925DCB} = {7230E88C-0C0E-4ED4-9930-F456647BF55D}
		{AFAD0875-E163-4FD8-A0D7-19614353949C} = {7230E88C-0C0E-4ED4-9930-F456647BF55D}
		{34AF3A1A-3EA3-4F72-AA5C-308AB39D1A14} = {7230E88C-0C0E-4ED4-9930-F456647BF55D}
		{F522383B-29D0-49DF-941F-38EBFF8F8A60} = {7230E88C-0C0E-4ED4-9930-F456647BF55D}
		{AC9AA16A-DB24-4057-8948-263378E6BFC1} = {2EBFD647-1E80-406F-ABEA-FA897AFE5A23}
		{EC16F19B-E58C-40B2-A5BF-864909E15493} = {AC9AA16A-DB24-4057-8948-263378E6BFC1}
		{D42A94AF-A66E-4C7C-B3D0-63FC7127DD0E} = {2EBFD647-1E80-406F-ABEA-FA897AFE5A23}
		{6134657E-ABE6-4F93-AA44-CC4A325E3EAF} = {D42A94AF-A66E-4C7C-B3D0-63FC7127DD0E}
		{B6D0B39D-BE51-4C75-9292-F5F4F760EAD9} = {D42A94AF-A66E-4C7C-B3D0-63FC7127DD0E}
		{4F377143-6E70-489E-958C-07CD5562EAE1} = {D42A94AF-A66E-4C7C-B3D0-63FC7127DD0E}
		{0B864422-3073-45C7-B5B8-5DE26FAF760E} = {D42A94AF-A66E-4C7C-B3D0-63FC7127DD0E}
		{D81D7E59-9C38-436C-A577-D5F09A6309EC} = {38B7F46D-0739-4864-8AF4-9F6B1679E6DD}
		{F964D3AA-B54F-4262-8713-FC557C7C6686} = {D81D7E59-9C38-436C-A577-D5F09A6309EC}
		{50325D5D-6281-4948-8E3C-5E25CA72C11B} = {F964D3AA-B54F-4262-8713-FC557C7C6686}
		{39730DCD-8C4C-48D1-ADD4-1401E102417C} = {F964D3AA-B54F-4262-8713-FC557C7C6686}
		{E3794CEE-11FA-4FDF-B350-144F362E9FA4} = {F964D3AA-B54F-4262-8713-FC557C7C6686}
		{252D8E79-66A0-409E-AD04-CADF899F4A47} = {F964D3AA-B54F-4262-8713-FC557C7C6686}
		{5DAC05BF-0D77-4C04-B41B-F4C8122D01F8} = {F964D3AA-B54F-4262-8713-FC557C7C6686}
		{2510DB45-6045-4A52-8D59-E8B35DCB8E75} = {F964D3AA-B54F-4262-8713-FC557C7C6686}
		{9C30B8B1-40BD-4F50-A614-9000779CF240} = {F964D3AA-B54F-4262-8713-FC557C7C6686}
		{7C6CEDD5-E8F3-4B68-8AEA-F671D5F84A7F} = {F964D3AA-B54F-4262-8713-FC557C7C6686}
		{48C148F9-7B62-41C5-9C3A-BB2EEB415A5F} = {F964D3AA-B54F-4262-8713-FC557C7C6686}
		{E78D35F8-D6CE-4565-B190-F536959D952F} = {F964D3AA-B54F-4262-8713-FC557C7C6686}
		{8621762F-FD79-4288-9587-40A1EB53B55F} = {F964D3AA-B54F-4262-8713-FC557C7C6686}
		{E1B9B533-AFCC-48F2-9AA0-D79D88435AA9} = {D81D7E59-9C38-436C-A577-D5F09A6309EC}
		{CAD9E384-ECD5-47DA-ACF7-9D25BB66BDAE} = {E1B9B533-AFCC-48F2-9AA0-D79D88435AA9}
		{425C93FA-8B0E-4499-BE5E-5A733BBEB4E2} = {E1B9B533-AFCC-48F2-9AA0-D79D88435AA9}
		{1355BD33-BE16-490A-98ED-7777D5B836AC} = {D81D7E59-9C38-436C-A577-D5F09A6309EC}
		{A2DD57FF-AEB0-41AC-AC11-CA5B14D50242} = {1355BD33-BE16-490A-98ED-7777D5B836AC}
		{E86CD326-204D-4819-AF1B-2D4EBCD7B994} = {1355BD33-BE16-490A-98ED-7777D5B836AC}
		{25215F0D-6AC0-436E-B235-6C55F8745354} = {1355BD33-BE16-490A-98ED-7777D5B836AC}
		{7CD4B756-0213-494F-AE54-8F7754CFE53A} = {1355BD33-BE16-490A-98ED-7777D5B836AC}
		{ECA6B4C6-8DAC-45CA-95FD-3F439085C3AB} = {1355BD33-BE16-490A-98ED-7777D5B836AC}
		{E0C23C2F-4254-454A-B93C-0C041297796D} = {38B7F46D-0739-4864-8AF4-9F6B1679E6DD}
		{17D78464-3283-4720-AC14-A79F4DE46EE5} = {E0C23C2F-4254-454A-B93C-0C041297796D}
		{718DB538-D52D-4CCB-9E5E-9DC75091E7BB} = {17D78464-3283-4720-AC14-A79F4DE46EE5}
		{6E1F6ADD-54A2-4D96-9ED4-31F382D6EB07} = {17D78464-3283-4720-AC14-A79F4DE46EE5}
		{56691F63-5166-425E-8045-F723F34FB2AC} = {17D78464-3283-4720-AC14-A79F4DE46EE5}
		{EE495C7D-EDAE-4C04-A0E3-F0F9A551E055} = {17D78464-3283-4720-AC14-A79F4DE46EE5}
		{3DB25F19-7A4F-4BBA-8067-5A0D8E7F7B3C} = {17D78464-3283-4720-AC14-A79F4DE46EE5}
		{AAC9FB4E-CED2-4C47-885E-AD3AAA01E45C} = {17D78464-3283-4720-AC14-A79F4DE46EE5}
		{AFC17652-FED3-4950-98C1-F4181658B484} = {17D78464-3283-4720-AC14-A79F4DE46EE5}
		{8D3FA89A-54EF-4F91-B3BD-05755761D2F5} = {17D78464-3283-4720-AC14-A79F4DE46EE5}
		{61C3F4A1-BF88-4638-B554-BDABD43A0916} = {17D78464-3283-4720-AC14-A79F4DE46EE5}
		{9AB24EBB-C65E-4E6F-BC10-40AE31F03547} = {17D78464-3283-4720-AC14-A79F4DE46EE5}
		{8D19177E-A72C-465B-89BE-258B71BA61E8} = {17D78464-3283-4720-AC14-A79F4DE46EE5}
		{2E5385D3-1C98-4061-9D95-65AD5106D26D} = {17D78464-3283-4720-AC14-A79F4DE46EE5}
		{4B6F31D6-758D-4AF8-A7D4-174DD2F223AA} = {17D78464-3283-4720-AC14-A79F4DE46EE5}
		{EA9E5658-9FD1-4B14-8B48-BAE203981DFF} = {17D78464-3283-4720-AC14-A79F4DE46EE5}
		{3F28D683-0839-4BA6-9144-A43421C48F17} = {17D78464-3283-4720-AC14-A79F4DE46EE5}
		{A6686959-3E57-4068-A86B-D0B0D8B15C3C} = {17D78464-3283-4720-AC14-A79F4DE46EE5}
		{3FF242F5-0A16-4532-A5B0-EAAA4AFEDD4D} = {17D78464-3283-4720-AC14-A79F4DE46EE5}
		{16070265-1C58-42DC-9B22-FACAF7884A2F} = {17D78464-3283-4720-AC14-A79F4DE46EE5}
		{B9B754F6-D627-4A53-B503-F6DC2A61FCB9} = {17D78464-3283-4720-AC14-A79F4DE46EE5}
	EndGlobalSection
	GlobalSection(ExtensibilityGlobals) = postSolution
		SolutionGuid = {8EC651EF-E473-43E4-90BF-6591E27E66DB}
	EndGlobalSection
EndGlobal
